// !$*UTF8*$!
{
	archiveVersion = 1;
	classes = {
	};
	objectVersion = 46;
	objects = {

/* Begin PBXBuildFile section */
		A40924511492E62800C42E8B /* UIKit.framework in Frameworks */ = {isa = PBXBuildFile; fileRef = A40924501492E62800C42E8B /* UIKit.framework */; };
		A40924531492E62800C42E8B /* Foundation.framework in Frameworks */ = {isa = PBXBuildFile; fileRef = A40924521492E62800C42E8B /* Foundation.framework */; };
		A40924551492E62800C42E8B /* CoreGraphics.framework in Frameworks */ = {isa = PBXBuildFile; fileRef = A40924541492E62800C42E8B /* CoreGraphics.framework */; };
		A40924571492E62800C42E8B /* CoreData.framework in Frameworks */ = {isa = PBXBuildFile; fileRef = A40924561492E62800C42E8B /* CoreData.framework */; };
		A409245D1492E62800C42E8B /* InfoPlist.strings in Resources */ = {isa = PBXBuildFile; fileRef = A409245B1492E62800C42E8B /* InfoPlist.strings */; };
		A409245F1492E62800C42E8B /* main.m in Sources */ = {isa = PBXBuildFile; fileRef = A409245E1492E62800C42E8B /* main.m */; };
		A40924631492E62800C42E8B /* AppDelegate.m in Sources */ = {isa = PBXBuildFile; fileRef = A40924621492E62800C42E8B /* AppDelegate.m */; };
		A40924661492E62800C42E8B /* MainStoryboard.storyboard in Resources */ = {isa = PBXBuildFile; fileRef = A40924641492E62800C42E8B /* MainStoryboard.storyboard */; };
		A40924691492E62800C42E8B /* GeoloqiExample.xcdatamodeld in Sources */ = {isa = PBXBuildFile; fileRef = A40924671492E62800C42E8B /* GeoloqiExample.xcdatamodeld */; };
		A409246C1492E62800C42E8B /* MasterViewController.m in Sources */ = {isa = PBXBuildFile; fileRef = A409246B1492E62800C42E8B /* MasterViewController.m */; };
		A409246F1492E62800C42E8B /* DetailViewController.m in Sources */ = {isa = PBXBuildFile; fileRef = A409246E1492E62800C42E8B /* DetailViewController.m */; };
/* End PBXBuildFile section */

/* Begin PBXFileReference section */
		A409244C1492E62800C42E8B /* GeoloqiExample.app */ = {isa = PBXFileReference; explicitFileType = wrapper.application; includeInIndex = 0; path = GeoloqiExample.app; sourceTree = BUILT_PRODUCTS_DIR; };
		A40924501492E62800C42E8B /* UIKit.framework */ = {isa = PBXFileReference; lastKnownFileType = wrapper.framework; name = UIKit.framework; path = System/Library/Frameworks/UIKit.framework; sourceTree = SDKROOT; };
		A40924521492E62800C42E8B /* Foundation.framework */ = {isa = PBXFileReference; lastKnownFileType = wrapper.framework; name = Foundation.framework; path = System/Library/Frameworks/Foundation.framework; sourceTree = SDKROOT; };
		A40924541492E62800C42E8B /* CoreGraphics.framework */ = {isa = PBXFileReference; lastKnownFileType = wrapper.framework; name = CoreGraphics.framework; path = System/Library/Frameworks/CoreGraphics.framework; sourceTree = SDKROOT; };
		A40924561492E62800C42E8B /* CoreData.framework */ = {isa = PBXFileReference; lastKnownFileType = wrapper.framework; name = CoreData.framework; path = System/Library/Frameworks/CoreData.framework; sourceTree = SDKROOT; };
		A409245A1492E62800C42E8B /* GeoloqiExample-Info.plist */ = {isa = PBXFileReference; lastKnownFileType = text.plist.xml; path = "GeoloqiExample-Info.plist"; sourceTree = "<group>"; };
		A409245C1492E62800C42E8B /* en */ = {isa = PBXFileReference; lastKnownFileType = text.plist.strings; name = en; path = en.lproj/InfoPlist.strings; sourceTree = "<group>"; };
		A409245E1492E62800C42E8B /* main.m */ = {isa = PBXFileReference; lastKnownFileType = sourcecode.c.objc; path = main.m; sourceTree = "<group>"; };
		A40924601492E62800C42E8B /* GeoloqiExample-Prefix.pch */ = {isa = PBXFileReference; lastKnownFileType = sourcecode.c.h; path = "GeoloqiExample-Prefix.pch"; sourceTree = "<group>"; };
		A40924611492E62800C42E8B /* AppDelegate.h */ = {isa = PBXFileReference; lastKnownFileType = sourcecode.c.h; path = AppDelegate.h; sourceTree = "<group>"; };
		A40924621492E62800C42E8B /* AppDelegate.m */ = {isa = PBXFileReference; lastKnownFileType = sourcecode.c.objc; path = AppDelegate.m; sourceTree = "<group>"; };
		A40924651492E62800C42E8B /* en */ = {isa = PBXFileReference; lastKnownFileType = file.storyboard; name = en; path = en.lproj/MainStoryboard.storyboard; sourceTree = "<group>"; };
		A40924681492E62800C42E8B /* GeoloqiExample.xcdatamodel */ = {isa = PBXFileReference; lastKnownFileType = wrapper.xcdatamodel; path = GeoloqiExample.xcdatamodel; sourceTree = "<group>"; };
		A409246A1492E62800C42E8B /* MasterViewController.h */ = {isa = PBXFileReference; lastKnownFileType = sourcecode.c.h; path = MasterViewController.h; sourceTree = "<group>"; };
		A409246B1492E62800C42E8B /* MasterViewController.m */ = {isa = PBXFileReference; lastKnownFileType = sourcecode.c.objc; path = MasterViewController.m; sourceTree = "<group>"; };
		A409246D1492E62800C42E8B /* DetailViewController.h */ = {isa = PBXFileReference; lastKnownFileType = sourcecode.c.h; path = DetailViewController.h; sourceTree = "<group>"; };
		A409246E1492E62800C42E8B /* DetailViewController.m */ = {isa = PBXFileReference; lastKnownFileType = sourcecode.c.objc; path = DetailViewController.m; sourceTree = "<group>"; };
/* End PBXFileReference section */

/* Begin PBXFrameworksBuildPhase section */
		A40924491492E62800C42E8B /* Frameworks */ = {
			isa = PBXFrameworksBuildPhase;
			buildActionMask = 2147483647;
			files = (
				A40924511492E62800C42E8B /* UIKit.framework in Frameworks */,
				A40924531492E62800C42E8B /* Foundation.framework in Frameworks */,
				A40924551492E62800C42E8B /* CoreGraphics.framework in Frameworks */,
				A40924571492E62800C42E8B /* CoreData.framework in Frameworks */,
			);
			runOnlyForDeploymentPostprocessing = 0;
		};
/* End PBXFrameworksBuildPhase section */

/* Begin PBXGroup section */
		A40924411492E62800C42E8B = {
			isa = PBXGroup;
			children = (
				A40924581492E62800C42E8B /* GeoloqiExample */,
				A409244F1492E62800C42E8B /* Frameworks */,
				A409244D1492E62800C42E8B /* Products */,
			);
			sourceTree = "<group>";
		};
		A409244D1492E62800C42E8B /* Products */ = {
			isa = PBXGroup;
			children = (
				A409244C1492E62800C42E8B /* GeoloqiExample.app */,
			);
			name = Products;
			sourceTree = "<group>";
		};
		A409244F1492E62800C42E8B /* Frameworks */ = {
			isa = PBXGroup;
			children = (
				A40924501492E62800C42E8B /* UIKit.framework */,
				A40924521492E62800C42E8B /* Foundation.framework */,
				A40924541492E62800C42E8B /* CoreGraphics.framework */,
				A40924561492E62800C42E8B /* CoreData.framework */,
			);
			name = Frameworks;
			sourceTree = "<group>";
		};
		A40924581492E62800C42E8B /* GeoloqiExample */ = {
			isa = PBXGroup;
			children = (
				A40924611492E62800C42E8B /* AppDelegate.h */,
				A40924621492E62800C42E8B /* AppDelegate.m */,
				A40924641492E62800C42E8B /* MainStoryboard.storyboard */,
				A409246A1492E62800C42E8B /* MasterViewController.h */,
				A409246B1492E62800C42E8B /* MasterViewController.m */,
				A409246D1492E62800C42E8B /* DetailViewController.h */,
				A409246E1492E62800C42E8B /* DetailViewController.m */,
				A40924671492E62800C42E8B /* GeoloqiExample.xcdatamodeld */,
				A40924591492E62800C42E8B /* Supporting Files */,
			);
			path = GeoloqiExample;
			sourceTree = "<group>";
		};
		A40924591492E62800C42E8B /* Supporting Files */ = {
			isa = PBXGroup;
			children = (
				A409245A1492E62800C42E8B /* GeoloqiExample-Info.plist */,
				A409245B1492E62800C42E8B /* InfoPlist.strings */,
				A409245E1492E62800C42E8B /* main.m */,
				A40924601492E62800C42E8B /* GeoloqiExample-Prefix.pch */,
			);
			name = "Supporting Files";
			sourceTree = "<group>";
		};
/* End PBXGroup section */

/* Begin PBXNativeTarget section */
		A409244B1492E62800C42E8B /* GeoloqiExample */ = {
			isa = PBXNativeTarget;
			buildConfigurationList = A40924721492E62800C42E8B /* Build configuration list for PBXNativeTarget "GeoloqiExample" */;
			buildPhases = (
				A40924481492E62800C42E8B /* Sources */,
				A40924491492E62800C42E8B /* Frameworks */,
				A409244A1492E62800C42E8B /* Resources */,
			);
			buildRules = (
			);
			dependencies = (
			);
			name = GeoloqiExample;
			productName = GeoloqiExample;
			productReference = A409244C1492E62800C42E8B /* GeoloqiExample.app */;
			productType = "com.apple.product-type.application";
		};
/* End PBXNativeTarget section */

/* Begin PBXProject section */
		A40924431492E62800C42E8B /* Project object */ = {
			isa = PBXProject;
			attributes = {
				LastUpgradeCheck = 0430;
				ORGANIZATIONNAME = Me;
			};
			buildConfigurationList = A40924461492E62800C42E8B /* Build configuration list for PBXProject "GeoloqiExample" */;
			compatibilityVersion = "Xcode 3.2";
			developmentRegion = English;
			hasScannedForEncodings = 0;
			knownRegions = (
				en,
			);
			mainGroup = A40924411492E62800C42E8B;
			productRefGroup = A409244D1492E62800C42E8B /* Products */;
			projectDirPath = "";
			projectRoot = "";
			targets = (
				A409244B1492E62800C42E8B /* GeoloqiExample */,
			);
		};
/* End PBXProject section */

/* Begin PBXResourcesBuildPhase section */
		A409244A1492E62800C42E8B /* Resources */ = {
			isa = PBXResourcesBuildPhase;
			buildActionMask = 2147483647;
			files = (
				A409245D1492E62800C42E8B /* InfoPlist.strings in Resources */,
				A40924661492E62800C42E8B /* MainStoryboard.storyboard in Resources */,
			);
			runOnlyForDeploymentPostprocessing = 0;
		};
/* End PBXResourcesBuildPhase section */

/* Begin PBXSourcesBuildPhase section */
		A40924481492E62800C42E8B /* Sources */ = {
			isa = PBXSourcesBuildPhase;
			buildActionMask = 2147483647;
			files = (
				A409245F1492E62800C42E8B /* main.m in Sources */,
				A40924631492E62800C42E8B /* AppDelegate.m in Sources */,
				A40924691492E62800C42E8B /* GeoloqiExample.xcdatamodeld in Sources */,
				A409246C1492E62800C42E8B /* MasterViewController.m in Sources */,
				A409246F1492E62800C42E8B /* DetailViewController.m in Sources */,
			);
			runOnlyForDeploymentPostprocessing = 0;
		};
/* End PBXSourcesBuildPhase section */

/* Begin PBXVariantGroup section */
		A409245B1492E62800C42E8B /* InfoPlist.strings */ = {
			isa = PBXVariantGroup;
			children = (
				A409245C1492E62800C42E8B /* en */,
			);
			name = InfoPlist.strings;
			sourceTree = "<group>";
		};
		A40924641492E62800C42E8B /* MainStoryboard.storyboard */ = {
			isa = PBXVariantGroup;
			children = (
				A40924651492E62800C42E8B /* en */,
			);
			name = MainStoryboard.storyboard;
			sourceTree = "<group>";
		};
/* End PBXVariantGroup section */

/* Begin XCBuildConfiguration section */
		A40924701492E62800C42E8B /* Debug */ = {
			isa = XCBuildConfiguration;
			buildSettings = {
				ALWAYS_SEARCH_USER_PATHS = NO;
				ARCHS = "$(ARCHS_STANDARD_32_BIT)";
				CLANG_ENABLE_OBJC_ARC = YES;
				"CODE_SIGN_IDENTITY[sdk=iphoneos*]" = "iPhone Developer";
				COPY_PHASE_STRIP = NO;
				GCC_C_LANGUAGE_STANDARD = gnu99;
				GCC_DYNAMIC_NO_PIC = NO;
				GCC_OPTIMIZATION_LEVEL = 0;
				GCC_PREPROCESSOR_DEFINITIONS = (
					"DEBUG=1",
					"$(inherited)",
				);
				GCC_SYMBOLS_PRIVATE_EXTERN = NO;
				GCC_VERSION = com.apple.compilers.llvm.clang.1_0;
				GCC_WARN_ABOUT_MISSING_PROTOTYPES = YES;
				GCC_WARN_ABOUT_RETURN_TYPE = YES;
				GCC_WARN_UNUSED_VARIABLE = YES;
				IPHONEOS_DEPLOYMENT_TARGET = 5.1;
				SDKROOT = iphoneos;
			};
			name = Debug;
		};
		A40924711492E62800C42E8B /* Release */ = {
			isa = XCBuildConfiguration;
			buildSettings = {
				ALWAYS_SEARCH_USER_PATHS = NO;
				ARCHS = "$(ARCHS_STANDARD_32_BIT)";
				CLANG_ENABLE_OBJC_ARC = YES;
				"CODE_SIGN_IDENTITY[sdk=iphoneos*]" = "iPhone Developer";
				COPY_PHASE_STRIP = YES;
				GCC_C_LANGUAGE_STANDARD = gnu99;
				GCC_VERSION = com.apple.compilers.llvm.clang.1_0;
				GCC_WARN_ABOUT_MISSING_PROTOTYPES = YES;
				GCC_WARN_ABOUT_RETURN_TYPE = YES;
				GCC_WARN_UNUSED_VARIABLE = YES;
				IPHONEOS_DEPLOYMENT_TARGET = 5.1;
				OTHER_CFLAGS = "-DNS_BLOCK_ASSERTIONS=1";
				SDKROOT = iphoneos;
				VALIDATE_PRODUCT = YES;
			};
			name = Release;
		};
		A40924731492E62800C42E8B /* Debug */ = {
			isa = XCBuildConfiguration;
			buildSettings = {
				GCC_PRECOMPILE_PREFIX_HEADER = YES;
				GCC_PREFIX_HEADER = "GeoloqiExample/GeoloqiExample-Prefix.pch";
				INFOPLIST_FILE = "GeoloqiExample/GeoloqiExample-Info.plist";
				PRODUCT_NAME = "$(TARGET_NAME)";
				WRAPPER_EXTENSION = app;
			};
			name = Debug;
		};
		A40924741492E62800C42E8B /* Release */ = {
			isa = XCBuildConfiguration;
			buildSettings = {
				GCC_PRECOMPILE_PREFIX_HEADER = YES;
				GCC_PREFIX_HEADER = "GeoloqiExample/GeoloqiExample-Prefix.pch";
				INFOPLIST_FILE = "GeoloqiExample/GeoloqiExample-Info.plist";
				PRODUCT_NAME = "$(TARGET_NAME)";
				WRAPPER_EXTENSION = app;
			};
			name = Release;
		};
/* End XCBuildConfiguration section */

/* Begin XCConfigurationList section */
		A40924461492E62800C42E8B /* Build configuration list for PBXProject "GeoloqiExample" */ = {
			isa = XCConfigurationList;
			buildConfigurations = (
				A40924701492E62800C42E8B /* Debug */,
				A40924711492E62800C42E8B /* Release */,
			);
			defaultConfigurationIsVisible = 0;
			defaultConfigurationName = Release;
		};
		A40924721492E62800C42E8B /* Build configuration list for PBXNativeTarget "GeoloqiExample" */ = {
			isa = XCConfigurationList;
			buildConfigurations = (
				A40924731492E62800C42E8B /* Debug */,
				A40924741492E62800C42E8B /* Release */,
			);
			defaultConfigurationIsVisible = 0;
			defaultConfigurationName = Release;
		};
/* End XCConfigurationList section */

/* Begin XCVersionGroup section */
		A40924671492E62800C42E8B /* GeoloqiExample.xcdatamodeld */ = {
			isa = XCVersionGroup;
			children = (
				A40924681492E62800C42E8B /* GeoloqiExample.xcdatamodel */,
			);
			currentVersion = A40924681492E62800C42E8B /* GeoloqiExample.xcdatamodel */;
			path = GeoloqiExample.xcdatamodeld;
			sourceTree = "<group>";
			versionGroupType = wrapper.xcdatamodel;
		};
/* End XCVersionGroup section */
	};
	rootObject = A40924431492E62800C42E8B /* Project object */;
}
