// !$*UTF8*$!
{
	archiveVersion = 1;
	classes = {
	};
	objectVersion = 46;
	objects = {

/* Begin PBXBuildFile section */
		A4092665149725F300C42E8B /* RCOAuth2AuthProvider.h in Headers */ = {isa = PBXBuildFile; fileRef = A4092663149725F300C42E8B /* RCOAuth2AuthProvider.h */; settings = {ATTRIBUTES = (Public, ); }; };
		A4092666149725F300C42E8B /* RCOAuth2AuthProvider.m in Sources */ = {isa = PBXBuildFile; fileRef = A4092664149725F300C42E8B /* RCOAuth2AuthProvider.m */; };
		A4092786149835FD00C42E8B /* RCServerTrustAuthProvider.h in Headers */ = {isa = PBXBuildFile; fileRef = A4092784149835FC00C42E8B /* RCServerTrustAuthProvider.h */; settings = {ATTRIBUTES = (Public, ); }; };
		A4092787149835FD00C42E8B /* RCServerTrustAuthProvider.m in Sources */ = {isa = PBXBuildFile; fileRef = A4092785149835FC00C42E8B /* RCServerTrustAuthProvider.m */; };
		A409B2B014001B14003495BA /* RCTypes.h in Headers */ = {isa = PBXBuildFile; fileRef = A409B2AF14001B14003495BA /* RCTypes.h */; settings = {ATTRIBUTES = (Public, ); }; };
		A409B33F1408E82D003495BA /* RCAuthProvider.h in Headers */ = {isa = PBXBuildFile; fileRef = A409B33E1408E82D003495BA /* RCAuthProvider.h */; settings = {ATTRIBUTES = (Public, ); }; };
		A409B3421408E890003495BA /* RCBasicAuthProvider.h in Headers */ = {isa = PBXBuildFile; fileRef = A409B3401408E890003495BA /* RCBasicAuthProvider.h */; settings = {ATTRIBUTES = (Public, ); }; };
		A409B3431408E890003495BA /* RCBasicAuthProvider.m in Sources */ = {isa = PBXBuildFile; fileRef = A409B3411408E890003495BA /* RCBasicAuthProvider.m */; };
		A409B3BC1410597D003495BA /* RCConstants.h in Headers */ = {isa = PBXBuildFile; fileRef = A409B3BA1410597C003495BA /* RCConstants.h */; settings = {ATTRIBUTES = (Public, ); }; };
		A409B3BD1410597D003495BA /* RCConstants.m in Sources */ = {isa = PBXBuildFile; fileRef = A409B3BB1410597D003495BA /* RCConstants.m */; };
		A409B3CD141A530C003495BA /* libRESTClient.a in Frameworks */ = {isa = PBXBuildFile; fileRef = A414FD4213DB459200F96152 /* libRESTClient.a */; };
		A40EE26714D9BC9500EBD8C3 /* NSData+Base64.h in Headers */ = {isa = PBXBuildFile; fileRef = A40EE26514D9BC9500EBD8C3 /* NSData+Base64.h */; settings = {ATTRIBUTES = (Public, ); }; };
		A40EE26814D9BC9500EBD8C3 /* NSData+Base64.m in Sources */ = {isa = PBXBuildFile; fileRef = A40EE26614D9BC9500EBD8C3 /* NSData+Base64.m */; };
		A41410D514B680070026A8C1 /* NSDictionary+RESTClient.h in Headers */ = {isa = PBXBuildFile; fileRef = A41410D314B680070026A8C1 /* NSDictionary+RESTClient.h */; settings = {ATTRIBUTES = (Public, ); }; };
		A41410D614B680070026A8C1 /* NSDictionary+RESTClient.m in Sources */ = {isa = PBXBuildFile; fileRef = A41410D414B680070026A8C1 /* NSDictionary+RESTClient.m */; };
		A414FD4613DB459200F96152 /* Foundation.framework in Frameworks */ = {isa = PBXBuildFile; fileRef = A414FD4513DB459200F96152 /* Foundation.framework */; };
		A414FD4C13DB459200F96152 /* RESTClient.m in Sources */ = {isa = PBXBuildFile; fileRef = A414FD4B13DB459200F96152 /* RESTClient.m */; };
		A414FD5913DB466600F96152 /* RCResource.h in Headers */ = {isa = PBXBuildFile; fileRef = A414FD5713DB466600F96152 /* RCResource.h */; settings = {ATTRIBUTES = (Public, ); }; };
		A414FD5A13DB466600F96152 /* RCResource.m in Sources */ = {isa = PBXBuildFile; fileRef = A414FD5813DB466600F96152 /* RCResource.m */; };
		A414FD6113DB468D00F96152 /* RCResponse.h in Headers */ = {isa = PBXBuildFile; fileRef = A414FD5F13DB468D00F96152 /* RCResponse.h */; settings = {ATTRIBUTES = (Public, ); }; };
		A414FD6213DB468D00F96152 /* RCResponse.m in Sources */ = {isa = PBXBuildFile; fileRef = A414FD6013DB468D00F96152 /* RCResponse.m */; };
		A416122A14411A800008A235 /* libOCMock.a in Frameworks */ = {isa = PBXBuildFile; fileRef = A416122914411A800008A235 /* libOCMock.a */; };
		A41C901114F2ED4800E16A9E /* NSString+RESTClient.h in Headers */ = {isa = PBXBuildFile; fileRef = A41C900F14F2ED4800E16A9E /* NSString+RESTClient.h */; settings = {ATTRIBUTES = (Public, ); }; };
		A41C901214F2ED4800E16A9E /* NSString+RESTClient.m in Sources */ = {isa = PBXBuildFile; fileRef = A41C901014F2ED4800E16A9E /* NSString+RESTClient.m */; };
		A432B46E149D0B56006582DB /* Security.framework in Frameworks */ = {isa = PBXBuildFile; fileRef = A409B3991408F193003495BA /* Security.framework */; };
		A43E63A0152A47E6006AEBCD /* Cocoa.framework in Frameworks */ = {isa = PBXBuildFile; fileRef = A43E639F152A47E6006AEBCD /* Cocoa.framework */; };
		A43E63B6152A60FA006AEBCD /* InfoPlist.strings in Resources */ = {isa = PBXBuildFile; fileRef = A43E63B4152A60FA006AEBCD /* InfoPlist.strings */; };
		A43E63BB152A6185006AEBCD /* RCConstants.m in Sources */ = {isa = PBXBuildFile; fileRef = A409B3BB1410597D003495BA /* RCConstants.m */; };
		A43E63BC152A6185006AEBCD /* RESTClient.m in Sources */ = {isa = PBXBuildFile; fileRef = A414FD4B13DB459200F96152 /* RESTClient.m */; };
		A43E63BD152A6185006AEBCD /* RCResource.m in Sources */ = {isa = PBXBuildFile; fileRef = A414FD5813DB466600F96152 /* RCResource.m */; };
		A43E63BE152A6185006AEBCD /* RCRequest.m in Sources */ = {isa = PBXBuildFile; fileRef = A4A8CC50147ECEEE00BE6C0E /* RCRequest.m */; };
		A43E63BF152A6185006AEBCD /* RCDownloadRequest.m in Sources */ = {isa = PBXBuildFile; fileRef = A4A8CC4D147ECEEE00BE6C0E /* RCDownloadRequest.m */; };
		A43E63C0152A6185006AEBCD /* RCUploadRequest.m in Sources */ = {isa = PBXBuildFile; fileRef = A4A8CC57147ECF0A00BE6C0E /* RCUploadRequest.m */; };
		A43E63C1152A6185006AEBCD /* RCResponse.m in Sources */ = {isa = PBXBuildFile; fileRef = A414FD6013DB468D00F96152 /* RCResponse.m */; };
		A43E63C2152A6185006AEBCD /* RCCoder.m in Sources */ = {isa = PBXBuildFile; fileRef = A443AE3313DB4B8300D55902 /* RCCoder.m */; };
		A43E63C3152A6185006AEBCD /* RCIdentityCoder.m in Sources */ = {isa = PBXBuildFile; fileRef = A443AE3E13DB4C9300D55902 /* RCIdentityCoder.m */; };
		A43E63C4152A6185006AEBCD /* RCTextCoder.m in Sources */ = {isa = PBXBuildFile; fileRef = A443AE4213DB4E8900D55902 /* RCTextCoder.m */; };
		A43E63C5152A6185006AEBCD /* RCJSONCoder.m in Sources */ = {isa = PBXBuildFile; fileRef = A443AE3A13DB4C7F00D55902 /* RCJSONCoder.m */; };
		A43E63C6152A6185006AEBCD /* RCXMLCoder.m in Sources */ = {isa = PBXBuildFile; fileRef = A4C20859141852F6003412BA /* RCXMLCoder.m */; };
		A43E63C7152A6185006AEBCD /* RCImageCoder.m in Sources */ = {isa = PBXBuildFile; fileRef = A43F86AC144AAC5D00C69C3D /* RCImageCoder.m */; };
		A43E63C8152A6185006AEBCD /* RCBasicAuthProvider.m in Sources */ = {isa = PBXBuildFile; fileRef = A409B3411408E890003495BA /* RCBasicAuthProvider.m */; };
		A43E63C9152A6185006AEBCD /* RCServerTrustAuthProvider.m in Sources */ = {isa = PBXBuildFile; fileRef = A4092785149835FC00C42E8B /* RCServerTrustAuthProvider.m */; };
		A43E63CA152A6185006AEBCD /* RCClientCertificateAuthProvider.m in Sources */ = {isa = PBXBuildFile; fileRef = A468A773149FA73900612DA9 /* RCClientCertificateAuthProvider.m */; };
		A43E63CB152A6185006AEBCD /* RCOAuth2AuthProvider.m in Sources */ = {isa = PBXBuildFile; fileRef = A4092664149725F300C42E8B /* RCOAuth2AuthProvider.m */; };
		A43E63CC152A6185006AEBCD /* RCOAuthToken.m in Sources */ = {isa = PBXBuildFile; fileRef = A4B6080414A0224B003C43AE /* RCOAuthToken.m */; };
		A43E63CD152A6185006AEBCD /* NSData+Base64.m in Sources */ = {isa = PBXBuildFile; fileRef = A40EE26614D9BC9500EBD8C3 /* NSData+Base64.m */; };
		A43E63CE152A6185006AEBCD /* NSObject+RESTClient.m in Sources */ = {isa = PBXBuildFile; fileRef = A49D484214B4BD8B0045D66F /* NSObject+RESTClient.m */; };
		A43E63CF152A6185006AEBCD /* NSDictionary+RESTClient.m in Sources */ = {isa = PBXBuildFile; fileRef = A41410D414B680070026A8C1 /* NSDictionary+RESTClient.m */; };
		A43E63D0152A6185006AEBCD /* NSString+RESTClient.m in Sources */ = {isa = PBXBuildFile; fileRef = A41C901014F2ED4800E16A9E /* NSString+RESTClient.m */; };
		A43E63D2152A6192006AEBCD /* RCTypes.h in Headers */ = {isa = PBXBuildFile; fileRef = A409B2AF14001B14003495BA /* RCTypes.h */; settings = {ATTRIBUTES = (Public, ); }; };
		A43E63D3152A6192006AEBCD /* RCConstants.h in Headers */ = {isa = PBXBuildFile; fileRef = A409B3BA1410597C003495BA /* RCConstants.h */; settings = {ATTRIBUTES = (Public, ); }; };
		A43E63D4152A6192006AEBCD /* RESTClient.h in Headers */ = {isa = PBXBuildFile; fileRef = A414FD4A13DB459200F96152 /* RESTClient.h */; settings = {ATTRIBUTES = (Public, ); }; };
		A43E63D5152A6192006AEBCD /* RCResource.h in Headers */ = {isa = PBXBuildFile; fileRef = A414FD5713DB466600F96152 /* RCResource.h */; settings = {ATTRIBUTES = (Public, ); }; };
		A43E63D6152A6192006AEBCD /* RCRequest.h in Headers */ = {isa = PBXBuildFile; fileRef = A4A8CC4F147ECEEE00BE6C0E /* RCRequest.h */; settings = {ATTRIBUTES = (Public, ); }; };
		A43E63D7152A6192006AEBCD /* RCRequest+Protected.h in Headers */ = {isa = PBXBuildFile; fileRef = A4A22271148AA893001726E4 /* RCRequest+Protected.h */; settings = {ATTRIBUTES = (Public, ); }; };
		A43E63D8152A6192006AEBCD /* RCDownloadRequest.h in Headers */ = {isa = PBXBuildFile; fileRef = A4A8CC4C147ECEEE00BE6C0E /* RCDownloadRequest.h */; settings = {ATTRIBUTES = (Public, ); }; };
		A43E63D9152A6192006AEBCD /* RCUploadRequest.h in Headers */ = {isa = PBXBuildFile; fileRef = A4A8CC56147ECF0A00BE6C0E /* RCUploadRequest.h */; settings = {ATTRIBUTES = (Public, ); }; };
		A43E63DA152A6192006AEBCD /* RCResponse.h in Headers */ = {isa = PBXBuildFile; fileRef = A414FD5F13DB468D00F96152 /* RCResponse.h */; settings = {ATTRIBUTES = (Public, ); }; };
		A43E63DB152A6192006AEBCD /* RCCoder.h in Headers */ = {isa = PBXBuildFile; fileRef = A443AE3213DB4B8300D55902 /* RCCoder.h */; settings = {ATTRIBUTES = (Public, ); }; };
		A43E63DC152A6192006AEBCD /* RCIdentityCoder.h in Headers */ = {isa = PBXBuildFile; fileRef = A443AE3D13DB4C9300D55902 /* RCIdentityCoder.h */; settings = {ATTRIBUTES = (Public, ); }; };
		A43E63DD152A6192006AEBCD /* RCTextCoder.h in Headers */ = {isa = PBXBuildFile; fileRef = A443AE4113DB4E8900D55902 /* RCTextCoder.h */; settings = {ATTRIBUTES = (Public, ); }; };
		A43E63DE152A6192006AEBCD /* RCJSONCoder.h in Headers */ = {isa = PBXBuildFile; fileRef = A443AE3913DB4C7F00D55902 /* RCJSONCoder.h */; settings = {ATTRIBUTES = (Public, ); }; };
		A43E63DF152A6192006AEBCD /* RCXMLCoder.h in Headers */ = {isa = PBXBuildFile; fileRef = A4C20858141852F6003412BA /* RCXMLCoder.h */; settings = {ATTRIBUTES = (Public, ); }; };
		A43E63E0152A6192006AEBCD /* RCImageCoder.h in Headers */ = {isa = PBXBuildFile; fileRef = A43F86AB144AAC5D00C69C3D /* RCImageCoder.h */; settings = {ATTRIBUTES = (Public, ); }; };
		A43E63E1152A6192006AEBCD /* RCAuthProvider.h in Headers */ = {isa = PBXBuildFile; fileRef = A409B33E1408E82D003495BA /* RCAuthProvider.h */; settings = {ATTRIBUTES = (Public, ); }; };
		A43E63E2152A6192006AEBCD /* RCBasicAuthProvider.h in Headers */ = {isa = PBXBuildFile; fileRef = A409B3401408E890003495BA /* RCBasicAuthProvider.h */; settings = {ATTRIBUTES = (Public, ); }; };
		A43E63E3152A6192006AEBCD /* RCServerTrustAuthProvider.h in Headers */ = {isa = PBXBuildFile; fileRef = A4092784149835FC00C42E8B /* RCServerTrustAuthProvider.h */; settings = {ATTRIBUTES = (Public, ); }; };
		A43E63E4152A6192006AEBCD /* RCClientCertificateAuthProvider.h in Headers */ = {isa = PBXBuildFile; fileRef = A468A772149FA73900612DA9 /* RCClientCertificateAuthProvider.h */; settings = {ATTRIBUTES = (Public, ); }; };
		A43E63E5152A6192006AEBCD /* RCOAuth2AuthProvider.h in Headers */ = {isa = PBXBuildFile; fileRef = A4092663149725F300C42E8B /* RCOAuth2AuthProvider.h */; settings = {ATTRIBUTES = (Public, ); }; };
		A43E63E6152A6192006AEBCD /* RCOAuthToken.h in Headers */ = {isa = PBXBuildFile; fileRef = A4B6080314A0224B003C43AE /* RCOAuthToken.h */; settings = {ATTRIBUTES = (Public, ); }; };
		A43E63E7152A6192006AEBCD /* NSData+Base64.h in Headers */ = {isa = PBXBuildFile; fileRef = A40EE26514D9BC9500EBD8C3 /* NSData+Base64.h */; settings = {ATTRIBUTES = (Public, ); }; };
		A43E63E8152A6192006AEBCD /* NSObject+RESTClient.h in Headers */ = {isa = PBXBuildFile; fileRef = A49D484114B4BD8B0045D66F /* NSObject+RESTClient.h */; settings = {ATTRIBUTES = (Public, ); }; };
		A43E63E9152A6192006AEBCD /* NSDictionary+RESTClient.h in Headers */ = {isa = PBXBuildFile; fileRef = A41410D314B680070026A8C1 /* NSDictionary+RESTClient.h */; settings = {ATTRIBUTES = (Public, ); }; };
		A43E63EA152A6192006AEBCD /* NSString+RESTClient.h in Headers */ = {isa = PBXBuildFile; fileRef = A41C900F14F2ED4800E16A9E /* NSString+RESTClient.h */; settings = {ATTRIBUTES = (Public, ); }; };
		A43F86AD144AAC5D00C69C3D /* RCImageCoder.h in Headers */ = {isa = PBXBuildFile; fileRef = A43F86AB144AAC5D00C69C3D /* RCImageCoder.h */; settings = {ATTRIBUTES = (Public, ); }; };
		A43F86AE144AAC5D00C69C3D /* RCImageCoder.m in Sources */ = {isa = PBXBuildFile; fileRef = A43F86AC144AAC5D00C69C3D /* RCImageCoder.m */; };
		A443AE3413DB4B8300D55902 /* RCCoder.h in Headers */ = {isa = PBXBuildFile; fileRef = A443AE3213DB4B8300D55902 /* RCCoder.h */; settings = {ATTRIBUTES = (Public, ); }; };
		A443AE3513DB4B8300D55902 /* RCCoder.m in Sources */ = {isa = PBXBuildFile; fileRef = A443AE3313DB4B8300D55902 /* RCCoder.m */; };
		A443AE3B13DB4C7F00D55902 /* RCJSONCoder.h in Headers */ = {isa = PBXBuildFile; fileRef = A443AE3913DB4C7F00D55902 /* RCJSONCoder.h */; settings = {ATTRIBUTES = (Public, ); }; };
		A443AE3C13DB4C7F00D55902 /* RCJSONCoder.m in Sources */ = {isa = PBXBuildFile; fileRef = A443AE3A13DB4C7F00D55902 /* RCJSONCoder.m */; };
		A443AE3F13DB4C9300D55902 /* RCIdentityCoder.h in Headers */ = {isa = PBXBuildFile; fileRef = A443AE3D13DB4C9300D55902 /* RCIdentityCoder.h */; settings = {ATTRIBUTES = (Public, ); }; };
		A443AE4013DB4C9300D55902 /* RCIdentityCoder.m in Sources */ = {isa = PBXBuildFile; fileRef = A443AE3E13DB4C9300D55902 /* RCIdentityCoder.m */; };
		A443AE4313DB4E8900D55902 /* RCTextCoder.h in Headers */ = {isa = PBXBuildFile; fileRef = A443AE4113DB4E8900D55902 /* RCTextCoder.h */; settings = {ATTRIBUTES = (Public, ); }; };
		A443AE4413DB4E8900D55902 /* RCTextCoder.m in Sources */ = {isa = PBXBuildFile; fileRef = A443AE4213DB4E8900D55902 /* RCTextCoder.m */; };
		A456515C1523D454001302A7 /* RESTClient.h in Headers */ = {isa = PBXBuildFile; fileRef = A414FD4A13DB459200F96152 /* RESTClient.h */; settings = {ATTRIBUTES = (Public, ); }; };
		A46269A314198ED3005544D6 /* UIKit.framework in Frameworks */ = {isa = PBXBuildFile; fileRef = A409B2BF14002529003495BA /* UIKit.framework */; };
		A46269A414198ED3005544D6 /* Foundation.framework in Frameworks */ = {isa = PBXBuildFile; fileRef = A414FD4513DB459200F96152 /* Foundation.framework */; };
		A46269A614198ED3005544D6 /* CoreGraphics.framework in Frameworks */ = {isa = PBXBuildFile; fileRef = A46269A514198ED3005544D6 /* CoreGraphics.framework */; };
		A4626A4D14199082005544D6 /* main.m in Sources */ = {isa = PBXBuildFile; fileRef = A4626A1414199082005544D6 /* main.m */; };
		A4626A941419993E005544D6 /* libOCSpec.a in Frameworks */ = {isa = PBXBuildFile; fileRef = A4626A931419993E005544D6 /* libOCSpec.a */; };
		A468A774149FA73900612DA9 /* RCClientCertificateAuthProvider.h in Headers */ = {isa = PBXBuildFile; fileRef = A468A772149FA73900612DA9 /* RCClientCertificateAuthProvider.h */; settings = {ATTRIBUTES = (Public, ); }; };
		A468A775149FA73900612DA9 /* RCClientCertificateAuthProvider.m in Sources */ = {isa = PBXBuildFile; fileRef = A468A773149FA73900612DA9 /* RCClientCertificateAuthProvider.m */; };
		A49D484314B4BD8B0045D66F /* NSObject+RESTClient.h in Headers */ = {isa = PBXBuildFile; fileRef = A49D484114B4BD8B0045D66F /* NSObject+RESTClient.h */; settings = {ATTRIBUTES = (Public, ); }; };
		A49D484414B4BD8B0045D66F /* NSObject+RESTClient.m in Sources */ = {isa = PBXBuildFile; fileRef = A49D484214B4BD8B0045D66F /* NSObject+RESTClient.m */; };
		A4A22272148AA893001726E4 /* RCRequest+Protected.h in Headers */ = {isa = PBXBuildFile; fileRef = A4A22271148AA893001726E4 /* RCRequest+Protected.h */; settings = {ATTRIBUTES = (Public, ); }; };
		A4A22277148AB772001726E4 /* hs-2006-01-c-full_tif.png in Resources */ = {isa = PBXBuildFile; fileRef = A4A22276148AB772001726E4 /* hs-2006-01-c-full_tif.png */; };
		A4A8CC51147ECEEE00BE6C0E /* RCDownloadRequest.h in Headers */ = {isa = PBXBuildFile; fileRef = A4A8CC4C147ECEEE00BE6C0E /* RCDownloadRequest.h */; settings = {ATTRIBUTES = (Public, ); }; };
		A4A8CC52147ECEEE00BE6C0E /* RCDownloadRequest.m in Sources */ = {isa = PBXBuildFile; fileRef = A4A8CC4D147ECEEE00BE6C0E /* RCDownloadRequest.m */; };
		A4A8CC54147ECEEE00BE6C0E /* RCRequest.h in Headers */ = {isa = PBXBuildFile; fileRef = A4A8CC4F147ECEEE00BE6C0E /* RCRequest.h */; settings = {ATTRIBUTES = (Public, ); }; };
		A4A8CC55147ECEEE00BE6C0E /* RCRequest.m in Sources */ = {isa = PBXBuildFile; fileRef = A4A8CC50147ECEEE00BE6C0E /* RCRequest.m */; };
		A4A8CC58147ECF0A00BE6C0E /* RCUploadRequest.h in Headers */ = {isa = PBXBuildFile; fileRef = A4A8CC56147ECF0A00BE6C0E /* RCUploadRequest.h */; settings = {ATTRIBUTES = (Public, ); }; };
		A4A8CC59147ECF0A00BE6C0E /* RCUploadRequest.m in Sources */ = {isa = PBXBuildFile; fileRef = A4A8CC57147ECF0A00BE6C0E /* RCUploadRequest.m */; };
		A4A8CC5C147ED16D00BE6C0E /* t_hero.png in Resources */ = {isa = PBXBuildFile; fileRef = A4A8CC5B147ED16D00BE6C0E /* t_hero.png */; };
		A4A8CC64147EDFA200BE6C0E /* MobileCoreServices.framework in Frameworks */ = {isa = PBXBuildFile; fileRef = A4A8CC5D147ED3FF00BE6C0E /* MobileCoreServices.framework */; };
		A4B6080514A0224B003C43AE /* RCOAuthToken.h in Headers */ = {isa = PBXBuildFile; fileRef = A4B6080314A0224B003C43AE /* RCOAuthToken.h */; settings = {ATTRIBUTES = (Public, ); }; };
		A4B6080614A0224B003C43AE /* RCOAuthToken.m in Sources */ = {isa = PBXBuildFile; fileRef = A4B6080414A0224B003C43AE /* RCOAuthToken.m */; };
		A4BA020115DDC72F00042F1C /* RCS3AuthProvider.h in Headers */ = {isa = PBXBuildFile; fileRef = A4BA01FF15DDC72F00042F1C /* RCS3AuthProvider.h */; settings = {ATTRIBUTES = (Public, ); }; };
		A4BA020215DDC72F00042F1C /* RCS3AuthProvider.h in Headers */ = {isa = PBXBuildFile; fileRef = A4BA01FF15DDC72F00042F1C /* RCS3AuthProvider.h */; settings = {ATTRIBUTES = (Public, ); }; };
		A4BA020315DDC72F00042F1C /* RCS3AuthProvider.m in Sources */ = {isa = PBXBuildFile; fileRef = A4BA020015DDC72F00042F1C /* RCS3AuthProvider.m */; };
		A4BA020415DDC72F00042F1C /* RCS3AuthProvider.m in Sources */ = {isa = PBXBuildFile; fileRef = A4BA020015DDC72F00042F1C /* RCS3AuthProvider.m */; };
		A4BA021215DDC94200042F1C /* RCAmazonCredentials.h in Headers */ = {isa = PBXBuildFile; fileRef = A4BA021015DDC94200042F1C /* RCAmazonCredentials.h */; settings = {ATTRIBUTES = (Public, ); }; };
		A4BA021315DDC94200042F1C /* RCAmazonCredentials.h in Headers */ = {isa = PBXBuildFile; fileRef = A4BA021015DDC94200042F1C /* RCAmazonCredentials.h */; settings = {ATTRIBUTES = (Public, ); }; };
		A4BA021415DDC94200042F1C /* RCAmazonCredentials.m in Sources */ = {isa = PBXBuildFile; fileRef = A4BA021115DDC94200042F1C /* RCAmazonCredentials.m */; };
		A4BA021515DDC94200042F1C /* RCAmazonCredentials.m in Sources */ = {isa = PBXBuildFile; fileRef = A4BA021115DDC94200042F1C /* RCAmazonCredentials.m */; };
		A4C2085A141852F6003412BA /* RCXMLCoder.h in Headers */ = {isa = PBXBuildFile; fileRef = A4C20858141852F6003412BA /* RCXMLCoder.h */; settings = {ATTRIBUTES = (Public, ); }; };
		A4C2085B141852F6003412BA /* RCXMLCoder.m in Sources */ = {isa = PBXBuildFile; fileRef = A4C20859141852F6003412BA /* RCXMLCoder.m */; };
		A4C9D1D41482DE57004E9B72 /* Item.plist in Resources */ = {isa = PBXBuildFile; fileRef = A4C9D1D31482DE57004E9B72 /* Item.plist */; };
		A4D17EB1155481E20063B061 /* RCFixtureDownloadRequest.h in Headers */ = {isa = PBXBuildFile; fileRef = A4D17EAF155481E20063B061 /* RCFixtureDownloadRequest.h */; settings = {ATTRIBUTES = (Public, ); }; };
		A4D17EB2155481E20063B061 /* RCFixtureDownloadRequest.h in Headers */ = {isa = PBXBuildFile; fileRef = A4D17EAF155481E20063B061 /* RCFixtureDownloadRequest.h */; settings = {ATTRIBUTES = (Public, ); }; };
		A4D17EB3155481E20063B061 /* RCFixtureDownloadRequest.m in Sources */ = {isa = PBXBuildFile; fileRef = A4D17EB0155481E20063B061 /* RCFixtureDownloadRequest.m */; };
		A4D17EB4155481E20063B061 /* RCFixtureDownloadRequest.m in Sources */ = {isa = PBXBuildFile; fileRef = A4D17EB0155481E20063B061 /* RCFixtureDownloadRequest.m */; };
		A4D4FF73141A57DF00E58873 /* SpecHelper.m in Sources */ = {isa = PBXBuildFile; fileRef = A4626A1214199082005544D6 /* SpecHelper.m */; };
		A4D4FFC7141A5A4E00E58873 /* SenTestingKit.framework in Frameworks */ = {isa = PBXBuildFile; fileRef = A4D4FFC6141A5A4E00E58873 /* SenTestingKit.framework */; };
		A4EB124515ED5D9100513F73 /* RCResourceGroupSpec.m in Sources */ = {isa = PBXBuildFile; fileRef = A4EB124415ED5D9100513F73 /* RCResourceGroupSpec.m */; };
		A4EB124915ED5E1100513F73 /* RCResourceGroup.h in Headers */ = {isa = PBXBuildFile; fileRef = A4EB124715ED5E1100513F73 /* RCResourceGroup.h */; };
		A4EB124A15ED5E1100513F73 /* RCResourceGroup.h in Headers */ = {isa = PBXBuildFile; fileRef = A4EB124715ED5E1100513F73 /* RCResourceGroup.h */; };
		A4EB124B15ED5E1100513F73 /* RCResourceGroup.m in Sources */ = {isa = PBXBuildFile; fileRef = A4EB124815ED5E1100513F73 /* RCResourceGroup.m */; };
		A4EB124C15ED5E1100513F73 /* RCResourceGroup.m in Sources */ = {isa = PBXBuildFile; fileRef = A4EB124815ED5E1100513F73 /* RCResourceGroup.m */; };
		A4EB126315ED79C500513F73 /* RCResourceGroup+Protected.h in Headers */ = {isa = PBXBuildFile; fileRef = A4EB126215ED79C500513F73 /* RCResourceGroup+Protected.h */; };
		A4EB126415ED79C500513F73 /* RCResourceGroup+Protected.h in Headers */ = {isa = PBXBuildFile; fileRef = A4EB126215ED79C500513F73 /* RCResourceGroup+Protected.h */; };
		A4EFF1721551F9D100868358 /* RCProgressInfo.h in Headers */ = {isa = PBXBuildFile; fileRef = A4EFF1701551F9D100868358 /* RCProgressInfo.h */; settings = {ATTRIBUTES = (Public, ); }; };
		A4EFF1731551F9D100868358 /* RCProgressInfo.h in Headers */ = {isa = PBXBuildFile; fileRef = A4EFF1701551F9D100868358 /* RCProgressInfo.h */; settings = {ATTRIBUTES = (Public, ); }; };
		A4EFF1741551F9D100868358 /* RCProgressInfo.m in Sources */ = {isa = PBXBuildFile; fileRef = A4EFF1711551F9D100868358 /* RCProgressInfo.m */; };
		A4EFF1751551F9D100868358 /* RCProgressInfo.m in Sources */ = {isa = PBXBuildFile; fileRef = A4EFF1711551F9D100868358 /* RCProgressInfo.m */; };
		A4EFF20B155334AE00868358 /* RCFixtureRequest.h in Headers */ = {isa = PBXBuildFile; fileRef = A4EFF209155334AE00868358 /* RCFixtureRequest.h */; settings = {ATTRIBUTES = (Public, ); }; };
		A4EFF20C155334AE00868358 /* RCFixtureRequest.h in Headers */ = {isa = PBXBuildFile; fileRef = A4EFF209155334AE00868358 /* RCFixtureRequest.h */; settings = {ATTRIBUTES = (Public, ); }; };
		A4EFF20D155334AE00868358 /* RCFixtureRequest.m in Sources */ = {isa = PBXBuildFile; fileRef = A4EFF20A155334AE00868358 /* RCFixtureRequest.m */; };
		A4EFF20E155334AE00868358 /* RCFixtureRequest.m in Sources */ = {isa = PBXBuildFile; fileRef = A4EFF20A155334AE00868358 /* RCFixtureRequest.m */; };
		A4EFF211155334D200868358 /* RCFixtureHTTPResponse.h in Headers */ = {isa = PBXBuildFile; fileRef = A4EFF20F155334D200868358 /* RCFixtureHTTPResponse.h */; settings = {ATTRIBUTES = (Public, ); }; };
		A4EFF212155334D200868358 /* RCFixtureHTTPResponse.h in Headers */ = {isa = PBXBuildFile; fileRef = A4EFF20F155334D200868358 /* RCFixtureHTTPResponse.h */; settings = {ATTRIBUTES = (Public, ); }; };
		A4EFF213155334D200868358 /* RCFixtureHTTPResponse.m in Sources */ = {isa = PBXBuildFile; fileRef = A4EFF210155334D200868358 /* RCFixtureHTTPResponse.m */; };
		A4EFF214155334D200868358 /* RCFixtureHTTPResponse.m in Sources */ = {isa = PBXBuildFile; fileRef = A4EFF210155334D200868358 /* RCFixtureHTTPResponse.m */; };
/* End PBXBuildFile section */

/* Begin PBXFileReference section */
		A4092663149725F300C42E8B /* RCOAuth2AuthProvider.h */ = {isa = PBXFileReference; fileEncoding = 4; lastKnownFileType = sourcecode.c.h; path = RCOAuth2AuthProvider.h; sourceTree = "<group>"; };
		A4092664149725F300C42E8B /* RCOAuth2AuthProvider.m */ = {isa = PBXFileReference; fileEncoding = 4; lastKnownFileType = sourcecode.c.objc; path = RCOAuth2AuthProvider.m; sourceTree = "<group>"; };
		A4092784149835FC00C42E8B /* RCServerTrustAuthProvider.h */ = {isa = PBXFileReference; fileEncoding = 4; lastKnownFileType = sourcecode.c.h; path = RCServerTrustAuthProvider.h; sourceTree = "<group>"; };
		A4092785149835FC00C42E8B /* RCServerTrustAuthProvider.m */ = {isa = PBXFileReference; fileEncoding = 4; lastKnownFileType = sourcecode.c.objc; lineEnding = 0; path = RCServerTrustAuthProvider.m; sourceTree = "<group>"; xcLanguageSpecificationIdentifier = xcode.lang.objc; };
		A409B2AF14001B14003495BA /* RCTypes.h */ = {isa = PBXFileReference; fileEncoding = 4; lastKnownFileType = sourcecode.c.h; path = RCTypes.h; sourceTree = "<group>"; };
		A409B2BF14002529003495BA /* UIKit.framework */ = {isa = PBXFileReference; lastKnownFileType = wrapper.framework; name = UIKit.framework; path = System/Library/Frameworks/UIKit.framework; sourceTree = SDKROOT; };
		A409B33E1408E82D003495BA /* RCAuthProvider.h */ = {isa = PBXFileReference; fileEncoding = 4; lastKnownFileType = sourcecode.c.h; path = RCAuthProvider.h; sourceTree = "<group>"; };
		A409B3401408E890003495BA /* RCBasicAuthProvider.h */ = {isa = PBXFileReference; fileEncoding = 4; lastKnownFileType = sourcecode.c.h; path = RCBasicAuthProvider.h; sourceTree = "<group>"; };
		A409B3411408E890003495BA /* RCBasicAuthProvider.m */ = {isa = PBXFileReference; fileEncoding = 4; lastKnownFileType = sourcecode.c.objc; lineEnding = 0; path = RCBasicAuthProvider.m; sourceTree = "<group>"; xcLanguageSpecificationIdentifier = xcode.lang.objc; };
		A409B3991408F193003495BA /* Security.framework */ = {isa = PBXFileReference; lastKnownFileType = wrapper.framework; name = Security.framework; path = System/Library/Frameworks/Security.framework; sourceTree = SDKROOT; };
		A409B3BA1410597C003495BA /* RCConstants.h */ = {isa = PBXFileReference; fileEncoding = 4; lastKnownFileType = sourcecode.c.h; path = RCConstants.h; sourceTree = "<group>"; };
		A409B3BB1410597D003495BA /* RCConstants.m */ = {isa = PBXFileReference; fileEncoding = 4; lastKnownFileType = sourcecode.c.objc; path = RCConstants.m; sourceTree = "<group>"; };
		A40AFC18144B881F00852EDE /* setup.sh */ = {isa = PBXFileReference; lastKnownFileType = text.script.sh; path = setup.sh; sourceTree = "<group>"; };
		A40EE26514D9BC9500EBD8C3 /* NSData+Base64.h */ = {isa = PBXFileReference; fileEncoding = 4; lastKnownFileType = sourcecode.c.h; path = "NSData+Base64.h"; sourceTree = "<group>"; };
		A40EE26614D9BC9500EBD8C3 /* NSData+Base64.m */ = {isa = PBXFileReference; fileEncoding = 4; lastKnownFileType = sourcecode.c.objc; path = "NSData+Base64.m"; sourceTree = "<group>"; };
		A40F3702144DCB9000FA723B /* LICENSE */ = {isa = PBXFileReference; lastKnownFileType = text; path = LICENSE; sourceTree = "<group>"; };
		A41410D314B680070026A8C1 /* NSDictionary+RESTClient.h */ = {isa = PBXFileReference; fileEncoding = 4; lastKnownFileType = sourcecode.c.h; path = "NSDictionary+RESTClient.h"; sourceTree = "<group>"; };
		A41410D414B680070026A8C1 /* NSDictionary+RESTClient.m */ = {isa = PBXFileReference; fileEncoding = 4; lastKnownFileType = sourcecode.c.objc; path = "NSDictionary+RESTClient.m"; sourceTree = "<group>"; };
		A414784914CD4F3900C3EA48 /* query.rb */ = {isa = PBXFileReference; lastKnownFileType = text.script.ruby; path = query.rb; sourceTree = "<group>"; };
		A414FD4213DB459200F96152 /* libRESTClient.a */ = {isa = PBXFileReference; explicitFileType = archive.ar; includeInIndex = 0; path = libRESTClient.a; sourceTree = BUILT_PRODUCTS_DIR; };
		A414FD4513DB459200F96152 /* Foundation.framework */ = {isa = PBXFileReference; lastKnownFileType = wrapper.framework; name = Foundation.framework; path = System/Library/Frameworks/Foundation.framework; sourceTree = SDKROOT; };
		A414FD4913DB459200F96152 /* RESTClient-Prefix.pch */ = {isa = PBXFileReference; lastKnownFileType = sourcecode.c.h; path = "RESTClient-Prefix.pch"; sourceTree = "<group>"; };
		A414FD4A13DB459200F96152 /* RESTClient.h */ = {isa = PBXFileReference; lastKnownFileType = sourcecode.c.h; path = RESTClient.h; sourceTree = "<group>"; };
		A414FD4B13DB459200F96152 /* RESTClient.m */ = {isa = PBXFileReference; lastKnownFileType = sourcecode.c.objc; path = RESTClient.m; sourceTree = "<group>"; };
		A414FD5713DB466600F96152 /* RCResource.h */ = {isa = PBXFileReference; fileEncoding = 4; lastKnownFileType = sourcecode.c.h; path = RCResource.h; sourceTree = "<group>"; };
		A414FD5813DB466600F96152 /* RCResource.m */ = {isa = PBXFileReference; fileEncoding = 4; lastKnownFileType = sourcecode.c.objc; lineEnding = 0; path = RCResource.m; sourceTree = "<group>"; xcLanguageSpecificationIdentifier = xcode.lang.objc; };
		A414FD5F13DB468D00F96152 /* RCResponse.h */ = {isa = PBXFileReference; fileEncoding = 4; lastKnownFileType = sourcecode.c.h; lineEnding = 0; path = RCResponse.h; sourceTree = "<group>"; xcLanguageSpecificationIdentifier = xcode.lang.objcpp; };
		A414FD6013DB468D00F96152 /* RCResponse.m */ = {isa = PBXFileReference; fileEncoding = 4; lastKnownFileType = sourcecode.c.objc; lineEnding = 0; path = RCResponse.m; sourceTree = "<group>"; xcLanguageSpecificationIdentifier = xcode.lang.objc; };
		A416120A1441096A0008A235 /* RCPutSpec.h */ = {isa = PBXFileReference; fileEncoding = 4; lastKnownFileType = sourcecode.c.h; path = RCPutSpec.h; sourceTree = "<group>"; };
		A416120B1441096A0008A235 /* RCPutSpec.m */ = {isa = PBXFileReference; fileEncoding = 4; lastKnownFileType = sourcecode.c.objc; path = RCPutSpec.m; sourceTree = "<group>"; };
		A416120E144109870008A235 /* RCResourceConfigSpec.h */ = {isa = PBXFileReference; fileEncoding = 4; lastKnownFileType = sourcecode.c.h; path = RCResourceConfigSpec.h; sourceTree = "<group>"; };
		A416120F144109870008A235 /* RCResourceConfigSpec.m */ = {isa = PBXFileReference; fileEncoding = 4; lastKnownFileType = sourcecode.c.objc; path = RCResourceConfigSpec.m; sourceTree = "<group>"; };
		A416121414410B640008A235 /* RCResourceBlocksSpec.h */ = {isa = PBXFileReference; fileEncoding = 4; lastKnownFileType = sourcecode.c.h; path = RCResourceBlocksSpec.h; sourceTree = "<group>"; };
		A416121514410B640008A235 /* RCResourceBlocksSpec.m */ = {isa = PBXFileReference; fileEncoding = 4; lastKnownFileType = sourcecode.c.objc; lineEnding = 0; path = RCResourceBlocksSpec.m; sourceTree = "<group>"; xcLanguageSpecificationIdentifier = xcode.lang.objc; };
		A416122914411A800008A235 /* libOCMock.a */ = {isa = PBXFileReference; lastKnownFileType = archive.ar; path = libOCMock.a; sourceTree = BUILT_PRODUCTS_DIR; };
		A41C900F14F2ED4800E16A9E /* NSString+RESTClient.h */ = {isa = PBXFileReference; fileEncoding = 4; lastKnownFileType = sourcecode.c.h; path = "NSString+RESTClient.h"; sourceTree = "<group>"; };
		A41C901014F2ED4800E16A9E /* NSString+RESTClient.m */ = {isa = PBXFileReference; fileEncoding = 4; lastKnownFileType = sourcecode.c.objc; path = "NSString+RESTClient.m"; sourceTree = "<group>"; };
		A4223E3614A3AE8F00CBC9C0 /* faq.md */ = {isa = PBXFileReference; lastKnownFileType = text; path = faq.md; sourceTree = "<group>"; };
		A4223E3714A3AEA600CBC9C0 /* howto.md */ = {isa = PBXFileReference; lastKnownFileType = text; path = howto.md; sourceTree = "<group>"; };
		A432B470149D11D8006582DB /* RCResource+Specs.h */ = {isa = PBXFileReference; fileEncoding = 4; lastKnownFileType = sourcecode.c.h; path = "RCResource+Specs.h"; sourceTree = "<group>"; };
		A43E639E152A47E6006AEBCD /* RESTClient.framework */ = {isa = PBXFileReference; explicitFileType = wrapper.framework; includeInIndex = 0; path = RESTClient.framework; sourceTree = BUILT_PRODUCTS_DIR; };
		A43E639F152A47E6006AEBCD /* Cocoa.framework */ = {isa = PBXFileReference; lastKnownFileType = wrapper.framework; name = Cocoa.framework; path = Library/Frameworks/Cocoa.framework; sourceTree = DEVELOPER_DIR; };
		A43E63A2152A47E6006AEBCD /* AppKit.framework */ = {isa = PBXFileReference; lastKnownFileType = wrapper.framework; name = AppKit.framework; path = Library/Frameworks/AppKit.framework; sourceTree = SDKROOT; };
		A43E63A3152A47E6006AEBCD /* CoreData.framework */ = {isa = PBXFileReference; lastKnownFileType = wrapper.framework; name = CoreData.framework; path = Library/Frameworks/CoreData.framework; sourceTree = SDKROOT; };
		A43E63A4152A47E6006AEBCD /* Foundation.framework */ = {isa = PBXFileReference; lastKnownFileType = wrapper.framework; name = Foundation.framework; path = Library/Frameworks/Foundation.framework; sourceTree = SDKROOT; };
		A43E63B2152A60F1006AEBCD /* RESTClientFramework-Info.plist */ = {isa = PBXFileReference; lastKnownFileType = text.plist.xml; path = "RESTClientFramework-Info.plist"; sourceTree = SOURCE_ROOT; };
		A43E63B5152A60FA006AEBCD /* en */ = {isa = PBXFileReference; lastKnownFileType = text.plist.strings; name = en; path = en.lproj/InfoPlist.strings; sourceTree = "<group>"; };
		A43F86A9144A9AC200C69C3D /* proxy_string.rb */ = {isa = PBXFileReference; lastKnownFileType = text.script.ruby; path = proxy_string.rb; sourceTree = "<group>"; };
		A43F86AB144AAC5D00C69C3D /* RCImageCoder.h */ = {isa = PBXFileReference; fileEncoding = 4; lastKnownFileType = sourcecode.c.h; path = RCImageCoder.h; sourceTree = "<group>"; };
		A43F86AC144AAC5D00C69C3D /* RCImageCoder.m */ = {isa = PBXFileReference; fileEncoding = 4; lastKnownFileType = sourcecode.c.objc; path = RCImageCoder.m; sourceTree = "<group>"; };
		A43F86DD144AB14000C69C3D /* RCResponseCodesSpec.h */ = {isa = PBXFileReference; fileEncoding = 4; lastKnownFileType = sourcecode.c.h; path = RCResponseCodesSpec.h; sourceTree = "<group>"; };
		A43F86DE144AB14100C69C3D /* RCResponseCodesSpec.m */ = {isa = PBXFileReference; fileEncoding = 4; lastKnownFileType = sourcecode.c.objc; lineEnding = 0; path = RCResponseCodesSpec.m; sourceTree = "<group>"; xcLanguageSpecificationIdentifier = xcode.lang.objc; };
		A43F86E0144AB2FB00C69C3D /* RCCodingSpec.h */ = {isa = PBXFileReference; fileEncoding = 4; lastKnownFileType = sourcecode.c.h; path = RCCodingSpec.h; sourceTree = "<group>"; };
		A43F86E1144AB2FB00C69C3D /* RCCodingSpec.m */ = {isa = PBXFileReference; fileEncoding = 4; lastKnownFileType = sourcecode.c.objc; path = RCCodingSpec.m; sourceTree = "<group>"; };
		A443AE3213DB4B8300D55902 /* RCCoder.h */ = {isa = PBXFileReference; fileEncoding = 4; lastKnownFileType = sourcecode.c.h; path = RCCoder.h; sourceTree = "<group>"; };
		A443AE3313DB4B8300D55902 /* RCCoder.m */ = {isa = PBXFileReference; fileEncoding = 4; lastKnownFileType = sourcecode.c.objc; path = RCCoder.m; sourceTree = "<group>"; };
		A443AE3913DB4C7F00D55902 /* RCJSONCoder.h */ = {isa = PBXFileReference; fileEncoding = 4; lastKnownFileType = sourcecode.c.h; path = RCJSONCoder.h; sourceTree = "<group>"; };
		A443AE3A13DB4C7F00D55902 /* RCJSONCoder.m */ = {isa = PBXFileReference; fileEncoding = 4; lastKnownFileType = sourcecode.c.objc; path = RCJSONCoder.m; sourceTree = "<group>"; };
		A443AE3D13DB4C9300D55902 /* RCIdentityCoder.h */ = {isa = PBXFileReference; fileEncoding = 4; lastKnownFileType = sourcecode.c.h; path = RCIdentityCoder.h; sourceTree = "<group>"; };
		A443AE3E13DB4C9300D55902 /* RCIdentityCoder.m */ = {isa = PBXFileReference; fileEncoding = 4; lastKnownFileType = sourcecode.c.objc; path = RCIdentityCoder.m; sourceTree = "<group>"; };
		A443AE4113DB4E8900D55902 /* RCTextCoder.h */ = {isa = PBXFileReference; fileEncoding = 4; lastKnownFileType = sourcecode.c.h; path = RCTextCoder.h; sourceTree = "<group>"; };
		A443AE4213DB4E8900D55902 /* RCTextCoder.m */ = {isa = PBXFileReference; fileEncoding = 4; lastKnownFileType = sourcecode.c.objc; path = RCTextCoder.m; sourceTree = "<group>"; };
		A44C586B147DC15700CD592C /* RCFileHandlingSpec.h */ = {isa = PBXFileReference; fileEncoding = 4; lastKnownFileType = sourcecode.c.h; path = RCFileHandlingSpec.h; sourceTree = "<group>"; };
		A44C586C147DC15700CD592C /* RCFileHandlingSpec.m */ = {isa = PBXFileReference; fileEncoding = 4; lastKnownFileType = sourcecode.c.objc; lineEnding = 0; path = RCFileHandlingSpec.m; sourceTree = "<group>"; xcLanguageSpecificationIdentifier = xcode.lang.objc; };
		A46269A114198ED3005544D6 /* RESTClient.app */ = {isa = PBXFileReference; explicitFileType = wrapper.application; includeInIndex = 0; path = RESTClient.app; sourceTree = BUILT_PRODUCTS_DIR; };
		A46269A514198ED3005544D6 /* CoreGraphics.framework */ = {isa = PBXFileReference; lastKnownFileType = wrapper.framework; name = CoreGraphics.framework; path = System/Library/Frameworks/CoreGraphics.framework; sourceTree = SDKROOT; };
		A46269F014199082005544D6 /* config.ru */ = {isa = PBXFileReference; fileEncoding = 4; lastKnownFileType = text; path = config.ru; sourceTree = "<group>"; };
		A46269F114199082005544D6 /* configuration.rb */ = {isa = PBXFileReference; fileEncoding = 4; lastKnownFileType = text.script.ruby; path = configuration.rb; sourceTree = "<group>"; };
		A46269F214199082005544D6 /* dependencies.rb */ = {isa = PBXFileReference; fileEncoding = 4; lastKnownFileType = text.script.ruby; path = dependencies.rb; sourceTree = "<group>"; };
		A46269F514199082005544D6 /* object.rb */ = {isa = PBXFileReference; fileEncoding = 4; lastKnownFileType = text.script.ruby; path = object.rb; sourceTree = "<group>"; };
		A46269F614199082005544D6 /* proxy_array.rb */ = {isa = PBXFileReference; fileEncoding = 4; lastKnownFileType = text.script.ruby; path = proxy_array.rb; sourceTree = "<group>"; };
		A46269F714199082005544D6 /* helpers.rb */ = {isa = PBXFileReference; fileEncoding = 4; lastKnownFileType = text.script.ruby; path = helpers.rb; sourceTree = "<group>"; };
		A46269F914199082005544D6 /* json_input.rb */ = {isa = PBXFileReference; fileEncoding = 4; lastKnownFileType = text.script.ruby; lineEnding = 0; path = json_input.rb; sourceTree = "<group>"; xcLanguageSpecificationIdentifier = xcode.lang.ruby; };
		A46269FA14199082005544D6 /* json_output.rb */ = {isa = PBXFileReference; fileEncoding = 4; lastKnownFileType = text.script.ruby; path = json_output.rb; sourceTree = "<group>"; };
		A46269FB14199082005544D6 /* main.rb */ = {isa = PBXFileReference; fileEncoding = 4; lastKnownFileType = text.script.ruby; path = main.rb; sourceTree = "<group>"; };
		A46269FC14199082005544D6 /* requires.rb */ = {isa = PBXFileReference; fileEncoding = 4; lastKnownFileType = text.script.ruby; path = requires.rb; sourceTree = "<group>"; };
		A46269FE14199082005544D6 /* auth.rb */ = {isa = PBXFileReference; fileEncoding = 4; lastKnownFileType = text.script.ruby; path = auth.rb; sourceTree = "<group>"; };
		A46269FF14199082005544D6 /* delete.rb */ = {isa = PBXFileReference; fileEncoding = 4; lastKnownFileType = text.script.ruby; path = delete.rb; sourceTree = "<group>"; };
		A4626A0014199082005544D6 /* get.rb */ = {isa = PBXFileReference; fileEncoding = 4; lastKnownFileType = text.script.ruby; path = get.rb; sourceTree = "<group>"; };
		A4626A0114199082005544D6 /* head.rb */ = {isa = PBXFileReference; fileEncoding = 4; lastKnownFileType = text.script.ruby; path = head.rb; sourceTree = "<group>"; };
		A4626A0214199082005544D6 /* post.rb */ = {isa = PBXFileReference; fileEncoding = 4; lastKnownFileType = text.script.ruby; path = post.rb; sourceTree = "<group>"; };
		A4626A0314199082005544D6 /* put.rb */ = {isa = PBXFileReference; fileEncoding = 4; lastKnownFileType = text.script.ruby; path = put.rb; sourceTree = "<group>"; };
		A4626A1114199082005544D6 /* SpecHelper.h */ = {isa = PBXFileReference; fileEncoding = 4; lastKnownFileType = sourcecode.c.h; path = SpecHelper.h; sourceTree = "<group>"; };
		A4626A1214199082005544D6 /* SpecHelper.m */ = {isa = PBXFileReference; fileEncoding = 4; lastKnownFileType = sourcecode.c.objc; path = SpecHelper.m; sourceTree = "<group>"; };
		A4626A1414199082005544D6 /* main.m */ = {isa = PBXFileReference; fileEncoding = 4; lastKnownFileType = sourcecode.c.objc; path = main.m; sourceTree = "<group>"; };
		A4626A1514199082005544D6 /* RESTClientSpecs-Info.plist */ = {isa = PBXFileReference; fileEncoding = 4; lastKnownFileType = text.plist.xml; path = "RESTClientSpecs-Info.plist"; sourceTree = "<group>"; };
		A4626A1614199082005544D6 /* RESTClientSpecs-Prefix.pch */ = {isa = PBXFileReference; fileEncoding = 4; lastKnownFileType = sourcecode.c.h; path = "RESTClientSpecs-Prefix.pch"; sourceTree = "<group>"; };
		A4626A931419993E005544D6 /* libOCSpec.a */ = {isa = PBXFileReference; lastKnownFileType = archive.ar; path = libOCSpec.a; sourceTree = BUILT_PRODUCTS_DIR; };
		A465B123148AD74000C5589B /* RCResourceControlSpec.h */ = {isa = PBXFileReference; fileEncoding = 4; lastKnownFileType = sourcecode.c.h; path = RCResourceControlSpec.h; sourceTree = "<group>"; };
		A465B124148AD74000C5589B /* RCResourceControlSpec.m */ = {isa = PBXFileReference; fileEncoding = 4; lastKnownFileType = sourcecode.c.objc; path = RCResourceControlSpec.m; sourceTree = "<group>"; };
		A468A772149FA73900612DA9 /* RCClientCertificateAuthProvider.h */ = {isa = PBXFileReference; fileEncoding = 4; lastKnownFileType = sourcecode.c.h; path = RCClientCertificateAuthProvider.h; sourceTree = "<group>"; };
		A468A773149FA73900612DA9 /* RCClientCertificateAuthProvider.m */ = {isa = PBXFileReference; fileEncoding = 4; lastKnownFileType = sourcecode.c.objc; path = RCClientCertificateAuthProvider.m; sourceTree = "<group>"; };
		A46E23E71483F4FC0045CA21 /* RCHeadSpec.h */ = {isa = PBXFileReference; lastKnownFileType = sourcecode.c.h; path = RCHeadSpec.h; sourceTree = "<group>"; };
		A46E23E81483F4FC0045CA21 /* RCHeadSpec.m */ = {isa = PBXFileReference; lastKnownFileType = sourcecode.c.objc; path = RCHeadSpec.m; sourceTree = "<group>"; };
		A46E23E91483F50A0045CA21 /* RCDeleteSpec.h */ = {isa = PBXFileReference; lastKnownFileType = sourcecode.c.h; path = RCDeleteSpec.h; sourceTree = "<group>"; };
		A46E23EA1483F50A0045CA21 /* RCDeleteSpec.m */ = {isa = PBXFileReference; lastKnownFileType = sourcecode.c.objc; path = RCDeleteSpec.m; sourceTree = "<group>"; };
		A49D484114B4BD8B0045D66F /* NSObject+RESTClient.h */ = {isa = PBXFileReference; fileEncoding = 4; lastKnownFileType = sourcecode.c.h; path = "NSObject+RESTClient.h"; sourceTree = "<group>"; };
		A49D484214B4BD8B0045D66F /* NSObject+RESTClient.m */ = {isa = PBXFileReference; fileEncoding = 4; lastKnownFileType = sourcecode.c.objc; path = "NSObject+RESTClient.m"; sourceTree = "<group>"; };
		A4A22271148AA893001726E4 /* RCRequest+Protected.h */ = {isa = PBXFileReference; fileEncoding = 4; lastKnownFileType = sourcecode.c.h; path = "RCRequest+Protected.h"; sourceTree = "<group>"; };
		A4A22273148AAAFD001726E4 /* RCRequestSpec.h */ = {isa = PBXFileReference; fileEncoding = 4; lastKnownFileType = sourcecode.c.h; path = RCRequestSpec.h; sourceTree = "<group>"; };
		A4A22274148AAAFD001726E4 /* RCRequestSpec.m */ = {isa = PBXFileReference; fileEncoding = 4; lastKnownFileType = sourcecode.c.objc; path = RCRequestSpec.m; sourceTree = "<group>"; };
		A4A22276148AB772001726E4 /* hs-2006-01-c-full_tif.png */ = {isa = PBXFileReference; lastKnownFileType = image.png; path = "hs-2006-01-c-full_tif.png"; sourceTree = "<group>"; };
		A4A30C69141AECFF002221BE /* Gemfile */ = {isa = PBXFileReference; lastKnownFileType = text; path = Gemfile; sourceTree = "<group>"; };
		A4A8CC4C147ECEEE00BE6C0E /* RCDownloadRequest.h */ = {isa = PBXFileReference; fileEncoding = 4; lastKnownFileType = sourcecode.c.h; path = RCDownloadRequest.h; sourceTree = "<group>"; };
		A4A8CC4D147ECEEE00BE6C0E /* RCDownloadRequest.m */ = {isa = PBXFileReference; fileEncoding = 4; lastKnownFileType = sourcecode.c.objc; lineEnding = 0; path = RCDownloadRequest.m; sourceTree = "<group>"; xcLanguageSpecificationIdentifier = xcode.lang.objc; };
		A4A8CC4F147ECEEE00BE6C0E /* RCRequest.h */ = {isa = PBXFileReference; fileEncoding = 4; lastKnownFileType = sourcecode.c.h; path = RCRequest.h; sourceTree = "<group>"; };
		A4A8CC50147ECEEE00BE6C0E /* RCRequest.m */ = {isa = PBXFileReference; fileEncoding = 4; lastKnownFileType = sourcecode.c.objc; path = RCRequest.m; sourceTree = "<group>"; };
		A4A8CC56147ECF0A00BE6C0E /* RCUploadRequest.h */ = {isa = PBXFileReference; fileEncoding = 4; lastKnownFileType = sourcecode.c.h; path = RCUploadRequest.h; sourceTree = "<group>"; };
		A4A8CC57147ECF0A00BE6C0E /* RCUploadRequest.m */ = {isa = PBXFileReference; fileEncoding = 4; lastKnownFileType = sourcecode.c.objc; path = RCUploadRequest.m; sourceTree = "<group>"; };
		A4A8CC5B147ED16D00BE6C0E /* t_hero.png */ = {isa = PBXFileReference; lastKnownFileType = image.png; path = t_hero.png; sourceTree = "<group>"; };
		A4A8CC5D147ED3FF00BE6C0E /* MobileCoreServices.framework */ = {isa = PBXFileReference; lastKnownFileType = wrapper.framework; name = MobileCoreServices.framework; path = System/Library/Frameworks/MobileCoreServices.framework; sourceTree = SDKROOT; };
		A4A8CC63147EDE8100BE6C0E /* README.markdown */ = {isa = PBXFileReference; lastKnownFileType = text; path = README.markdown; sourceTree = "<group>"; };
		A4B2EFFA14217FDF000E8860 /* RCGetSpec.h */ = {isa = PBXFileReference; fileEncoding = 4; lastKnownFileType = sourcecode.c.h; path = RCGetSpec.h; sourceTree = "<group>"; };
		A4B2EFFB14217FDF000E8860 /* RCGetSpec.m */ = {isa = PBXFileReference; fileEncoding = 4; lastKnownFileType = sourcecode.c.objc; path = RCGetSpec.m; sourceTree = "<group>"; };
		A4B6080314A0224B003C43AE /* RCOAuthToken.h */ = {isa = PBXFileReference; fileEncoding = 4; lastKnownFileType = sourcecode.c.h; path = RCOAuthToken.h; sourceTree = "<group>"; };
		A4B6080414A0224B003C43AE /* RCOAuthToken.m */ = {isa = PBXFileReference; fileEncoding = 4; lastKnownFileType = sourcecode.c.objc; path = RCOAuthToken.m; sourceTree = "<group>"; };
		A4BA01FF15DDC72F00042F1C /* RCS3AuthProvider.h */ = {isa = PBXFileReference; fileEncoding = 4; lastKnownFileType = sourcecode.c.h; path = RCS3AuthProvider.h; sourceTree = "<group>"; };
		A4BA020015DDC72F00042F1C /* RCS3AuthProvider.m */ = {isa = PBXFileReference; fileEncoding = 4; lastKnownFileType = sourcecode.c.objc; path = RCS3AuthProvider.m; sourceTree = "<group>"; };
		A4BA021015DDC94200042F1C /* RCAmazonCredentials.h */ = {isa = PBXFileReference; fileEncoding = 4; lastKnownFileType = sourcecode.c.h; path = RCAmazonCredentials.h; sourceTree = "<group>"; };
		A4BA021115DDC94200042F1C /* RCAmazonCredentials.m */ = {isa = PBXFileReference; fileEncoding = 4; lastKnownFileType = sourcecode.c.objc; path = RCAmazonCredentials.m; sourceTree = "<group>"; };
		A4C20858141852F6003412BA /* RCXMLCoder.h */ = {isa = PBXFileReference; fileEncoding = 4; lastKnownFileType = sourcecode.c.h; path = RCXMLCoder.h; sourceTree = "<group>"; };
		A4C20859141852F6003412BA /* RCXMLCoder.m */ = {isa = PBXFileReference; fileEncoding = 4; lastKnownFileType = sourcecode.c.objc; path = RCXMLCoder.m; sourceTree = "<group>"; };
		A4C9D1D31482DE57004E9B72 /* Item.plist */ = {isa = PBXFileReference; fileEncoding = 4; lastKnownFileType = text.plist.xml; path = Item.plist; sourceTree = "<group>"; };
		A4C9D1DA1482E506004E9B72 /* RCBenchmarksSpec.h */ = {isa = PBXFileReference; fileEncoding = 4; lastKnownFileType = sourcecode.c.h; path = RCBenchmarksSpec.h; sourceTree = "<group>"; };
		A4C9D1DB1482E506004E9B72 /* RCBenchmarksSpec.m */ = {isa = PBXFileReference; fileEncoding = 4; lastKnownFileType = sourcecode.c.objc; lineEnding = 0; path = RCBenchmarksSpec.m; sourceTree = "<group>"; xcLanguageSpecificationIdentifier = xcode.lang.objc; };
		A4CC125614816DBA0066C7E6 /* coding.rb */ = {isa = PBXFileReference; lastKnownFileType = text.script.ruby; path = coding.rb; sourceTree = "<group>"; };
		A4CC12571481A1650066C7E6 /* files.rb */ = {isa = PBXFileReference; lastKnownFileType = text.script.ruby; path = files.rb; sourceTree = "<group>"; };
		A4CC12581481D6050066C7E6 /* RCStaticMethodsSpec.h */ = {isa = PBXFileReference; fileEncoding = 4; lastKnownFileType = sourcecode.c.h; path = RCStaticMethodsSpec.h; sourceTree = "<group>"; };
		A4CC12591481D6050066C7E6 /* RCStaticMethodsSpec.m */ = {isa = PBXFileReference; fileEncoding = 4; lastKnownFileType = sourcecode.c.objc; lineEnding = 0; path = RCStaticMethodsSpec.m; sourceTree = "<group>"; xcLanguageSpecificationIdentifier = xcode.lang.objc; };
		A4CC12741482EE2E0066C7E6 /* Specs.xcconfig */ = {isa = PBXFileReference; lastKnownFileType = text.xcconfig; path = Specs.xcconfig; sourceTree = "<group>"; };
		A4CC12751482F91A0066C7E6 /* benchmarks.rb */ = {isa = PBXFileReference; lastKnownFileType = text.script.ruby; path = benchmarks.rb; sourceTree = "<group>"; };
		A4CCAF0C14B63C1500A8C21B /* RCQueryStringSpec.h */ = {isa = PBXFileReference; fileEncoding = 4; lastKnownFileType = sourcecode.c.h; path = RCQueryStringSpec.h; sourceTree = "<group>"; };
		A4CCAF0D14B63C1500A8C21B /* RCQueryStringSpec.m */ = {isa = PBXFileReference; fileEncoding = 4; lastKnownFileType = sourcecode.c.objc; path = RCQueryStringSpec.m; sourceTree = "<group>"; };
		A4CD025414802486006EE89E /* response_codes.rb */ = {isa = PBXFileReference; lastKnownFileType = text.script.ruby; path = response_codes.rb; sourceTree = "<group>"; };
		A4CD025614804612006EE89E /* RCResourceNestingSpec.h */ = {isa = PBXFileReference; fileEncoding = 4; lastKnownFileType = sourcecode.c.h; path = RCResourceNestingSpec.h; sourceTree = "<group>"; };
		A4CD025714804612006EE89E /* RCResourceNestingSpec.m */ = {isa = PBXFileReference; fileEncoding = 4; lastKnownFileType = sourcecode.c.objc; path = RCResourceNestingSpec.m; sourceTree = "<group>"; };
		A4CD1950141A78C800FADC09 /* RCAuthSpec.h */ = {isa = PBXFileReference; fileEncoding = 4; lastKnownFileType = sourcecode.c.h; path = RCAuthSpec.h; sourceTree = "<group>"; };
		A4CD1951141A78C800FADC09 /* RCAuthSpec.m */ = {isa = PBXFileReference; fileEncoding = 4; lastKnownFileType = sourcecode.c.objc; path = RCAuthSpec.m; sourceTree = "<group>"; };
		A4D17DF215533E880063B061 /* RCFixtureSpec.h */ = {isa = PBXFileReference; fileEncoding = 4; lastKnownFileType = sourcecode.c.h; path = RCFixtureSpec.h; sourceTree = "<group>"; };
		A4D17DF315533E880063B061 /* RCFixtureSpec.m */ = {isa = PBXFileReference; fileEncoding = 4; lastKnownFileType = sourcecode.c.objc; path = RCFixtureSpec.m; sourceTree = "<group>"; };
		A4D17EAF155481E20063B061 /* RCFixtureDownloadRequest.h */ = {isa = PBXFileReference; fileEncoding = 4; lastKnownFileType = sourcecode.c.h; path = RCFixtureDownloadRequest.h; sourceTree = "<group>"; };
		A4D17EB0155481E20063B061 /* RCFixtureDownloadRequest.m */ = {isa = PBXFileReference; fileEncoding = 4; lastKnownFileType = sourcecode.c.objc; lineEnding = 0; path = RCFixtureDownloadRequest.m; sourceTree = "<group>"; xcLanguageSpecificationIdentifier = xcode.lang.objc; };
		A4D26F61149274530005DFE3 /* README.md */ = {isa = PBXFileReference; lastKnownFileType = text; path = README.md; sourceTree = "<group>"; };
		A4D40019141BBA8500E58873 /* run.sh */ = {isa = PBXFileReference; lastKnownFileType = text.script.sh; path = run.sh; sourceTree = "<group>"; };
		A4D4FFC6141A5A4E00E58873 /* SenTestingKit.framework */ = {isa = PBXFileReference; lastKnownFileType = wrapper.framework; name = SenTestingKit.framework; path = Library/Frameworks/SenTestingKit.framework; sourceTree = DEVELOPER_DIR; };
		A4EB124315ED5D9100513F73 /* RCResourceGroupSpec.h */ = {isa = PBXFileReference; fileEncoding = 4; lastKnownFileType = sourcecode.c.h; path = RCResourceGroupSpec.h; sourceTree = "<group>"; };
		A4EB124415ED5D9100513F73 /* RCResourceGroupSpec.m */ = {isa = PBXFileReference; fileEncoding = 4; lastKnownFileType = sourcecode.c.objc; path = RCResourceGroupSpec.m; sourceTree = "<group>"; };
		A4EB124715ED5E1100513F73 /* RCResourceGroup.h */ = {isa = PBXFileReference; fileEncoding = 4; lastKnownFileType = sourcecode.c.h; path = RCResourceGroup.h; sourceTree = "<group>"; };
		A4EB124815ED5E1100513F73 /* RCResourceGroup.m */ = {isa = PBXFileReference; fileEncoding = 4; lastKnownFileType = sourcecode.c.objc; path = RCResourceGroup.m; sourceTree = "<group>"; };
		A4EB126215ED79C500513F73 /* RCResourceGroup+Protected.h */ = {isa = PBXFileReference; fileEncoding = 4; lastKnownFileType = sourcecode.c.h; path = "RCResourceGroup+Protected.h"; sourceTree = "<group>"; };
		A4EEBA1914242D6100376DAC /* RCPostSpec.h */ = {isa = PBXFileReference; fileEncoding = 4; lastKnownFileType = sourcecode.c.h; path = RCPostSpec.h; sourceTree = "<group>"; };
		A4EEBA1A14242D6100376DAC /* RCPostSpec.m */ = {isa = PBXFileReference; fileEncoding = 4; lastKnownFileType = sourcecode.c.objc; path = RCPostSpec.m; sourceTree = "<group>"; };
		A4EFF1701551F9D100868358 /* RCProgressInfo.h */ = {isa = PBXFileReference; fileEncoding = 4; lastKnownFileType = sourcecode.c.h; path = RCProgressInfo.h; sourceTree = "<group>"; };
		A4EFF1711551F9D100868358 /* RCProgressInfo.m */ = {isa = PBXFileReference; fileEncoding = 4; lastKnownFileType = sourcecode.c.objc; path = RCProgressInfo.m; sourceTree = "<group>"; };
		A4EFF209155334AE00868358 /* RCFixtureRequest.h */ = {isa = PBXFileReference; fileEncoding = 4; lastKnownFileType = sourcecode.c.h; path = RCFixtureRequest.h; sourceTree = "<group>"; };
		A4EFF20A155334AE00868358 /* RCFixtureRequest.m */ = {isa = PBXFileReference; fileEncoding = 4; lastKnownFileType = sourcecode.c.objc; path = RCFixtureRequest.m; sourceTree = "<group>"; };
		A4EFF20F155334D200868358 /* RCFixtureHTTPResponse.h */ = {isa = PBXFileReference; fileEncoding = 4; lastKnownFileType = sourcecode.c.h; path = RCFixtureHTTPResponse.h; sourceTree = "<group>"; };
		A4EFF210155334D200868358 /* RCFixtureHTTPResponse.m */ = {isa = PBXFileReference; fileEncoding = 4; lastKnownFileType = sourcecode.c.objc; lineEnding = 0; path = RCFixtureHTTPResponse.m; sourceTree = "<group>"; xcLanguageSpecificationIdentifier = xcode.lang.objc; };
/* End PBXFileReference section */

/* Begin PBXFrameworksBuildPhase section */
		A414FD3F13DB459200F96152 /* Frameworks */ = {
			isa = PBXFrameworksBuildPhase;
			buildActionMask = 2147483647;
			files = (
				A414FD4613DB459200F96152 /* Foundation.framework in Frameworks */,
			);
			runOnlyForDeploymentPostprocessing = 0;
		};
		A43E639A152A47E6006AEBCD /* Frameworks */ = {
			isa = PBXFrameworksBuildPhase;
			buildActionMask = 2147483647;
			files = (
				A43E63A0152A47E6006AEBCD /* Cocoa.framework in Frameworks */,
			);
			runOnlyForDeploymentPostprocessing = 0;
		};
		A462699E14198ED3005544D6 /* Frameworks */ = {
			isa = PBXFrameworksBuildPhase;
			buildActionMask = 2147483647;
			files = (
				A432B46E149D0B56006582DB /* Security.framework in Frameworks */,
				A4A8CC64147EDFA200BE6C0E /* MobileCoreServices.framework in Frameworks */,
				A4D4FFC7141A5A4E00E58873 /* SenTestingKit.framework in Frameworks */,
				A46269A314198ED3005544D6 /* UIKit.framework in Frameworks */,
				A46269A414198ED3005544D6 /* Foundation.framework in Frameworks */,
				A46269A614198ED3005544D6 /* CoreGraphics.framework in Frameworks */,
				A409B3CD141A530C003495BA /* libRESTClient.a in Frameworks */,
				A4626A941419993E005544D6 /* libOCSpec.a in Frameworks */,
				A416122A14411A800008A235 /* libOCMock.a in Frameworks */,
			);
			runOnlyForDeploymentPostprocessing = 0;
		};
/* End PBXFrameworksBuildPhase section */

/* Begin PBXGroup section */
		A409B33D1408E7DE003495BA /* AuthProviders */ = {
			isa = PBXGroup;
			children = (
				A409B3401408E890003495BA /* RCBasicAuthProvider.h */,
				A409B3411408E890003495BA /* RCBasicAuthProvider.m */,
				A4092784149835FC00C42E8B /* RCServerTrustAuthProvider.h */,
				A4092785149835FC00C42E8B /* RCServerTrustAuthProvider.m */,
				A468A772149FA73900612DA9 /* RCClientCertificateAuthProvider.h */,
				A468A773149FA73900612DA9 /* RCClientCertificateAuthProvider.m */,
				A4B6080814A02250003C43AE /* OAuth2 */,
				A4BA020615DDC73D00042F1C /* S3 */,
			);
			path = AuthProviders;
			sourceTree = "<group>";
		};
		A414FD3713DB459200F96152 = {
			isa = PBXGroup;
			children = (
				A40F3702144DCB9000FA723B /* LICENSE */,
				A4D26F61149274530005DFE3 /* README.md */,
				A414FD4713DB459200F96152 /* Source */,
				A46269B614199082005544D6 /* Tests */,
				A4223E3414A3AE7200CBC9C0 /* Docs */,
				A43E63B3152A60FA006AEBCD /* Resources */,
				A414FD4813DB459200F96152 /* Supporting Files */,
				A414FD4413DB459200F96152 /* Frameworks */,
				A414FD4313DB459200F96152 /* Products */,
			);
			sourceTree = "<group>";
		};
		A414FD4313DB459200F96152 /* Products */ = {
			isa = PBXGroup;
			children = (
				A414FD4213DB459200F96152 /* libRESTClient.a */,
				A46269A114198ED3005544D6 /* RESTClient.app */,
				A43E639E152A47E6006AEBCD /* RESTClient.framework */,
			);
			name = Products;
			sourceTree = "<group>";
		};
		A414FD4413DB459200F96152 /* Frameworks */ = {
			isa = PBXGroup;
			children = (
				A4A8CC5F147ED43700BE6C0E /* RESTClient */,
				A4A8CC60147ED44700BE6C0E /* Specs */,
				A43E639F152A47E6006AEBCD /* Cocoa.framework */,
				A43E63A1152A47E6006AEBCD /* Other Frameworks */,
			);
			name = Frameworks;
			sourceTree = "<group>";
		};
		A414FD4713DB459200F96152 /* Source */ = {
			isa = PBXGroup;
			children = (
				A409B2AF14001B14003495BA /* RCTypes.h */,
				A409B3BA1410597C003495BA /* RCConstants.h */,
				A409B3BB1410597D003495BA /* RCConstants.m */,
				A414FD4A13DB459200F96152 /* RESTClient.h */,
				A414FD4B13DB459200F96152 /* RESTClient.m */,
				A4EB124715ED5E1100513F73 /* RCResourceGroup.h */,
				A4EB126215ED79C500513F73 /* RCResourceGroup+Protected.h */,
				A4EB124815ED5E1100513F73 /* RCResourceGroup.m */,
				A414FD5713DB466600F96152 /* RCResource.h */,
				A414FD5813DB466600F96152 /* RCResource.m */,
				A4A8CC4B147ECEEE00BE6C0E /* Request */,
				A414FD5F13DB468D00F96152 /* RCResponse.h */,
				A414FD6013DB468D00F96152 /* RCResponse.m */,
				A443AE3213DB4B8300D55902 /* RCCoder.h */,
				A443AE3313DB4B8300D55902 /* RCCoder.m */,
				A443AE3813DB4C7F00D55902 /* Coders */,
				A409B33E1408E82D003495BA /* RCAuthProvider.h */,
				A409B33D1408E7DE003495BA /* AuthProviders */,
				A49D483F14B4BD760045D66F /* Extensions */,
			);
			path = Source;
			sourceTree = "<group>";
		};
		A414FD4813DB459200F96152 /* Supporting Files */ = {
			isa = PBXGroup;
			children = (
				A43E63B2152A60F1006AEBCD /* RESTClientFramework-Info.plist */,
				A414FD4913DB459200F96152 /* RESTClient-Prefix.pch */,
			);
			name = "Supporting Files";
			path = Source;
			sourceTree = "<group>";
		};
		A4223E3414A3AE7200CBC9C0 /* Docs */ = {
			isa = PBXGroup;
			children = (
				A4223E3614A3AE8F00CBC9C0 /* faq.md */,
				A4223E3714A3AEA600CBC9C0 /* howto.md */,
			);
			path = Docs;
			sourceTree = "<group>";
		};
		A43E63A1152A47E6006AEBCD /* Other Frameworks */ = {
			isa = PBXGroup;
			children = (
				A43E63A2152A47E6006AEBCD /* AppKit.framework */,
				A43E63A3152A47E6006AEBCD /* CoreData.framework */,
				A43E63A4152A47E6006AEBCD /* Foundation.framework */,
			);
			name = "Other Frameworks";
			sourceTree = "<group>";
		};
		A43E63B3152A60FA006AEBCD /* Resources */ = {
			isa = PBXGroup;
			children = (
				A43E63B4152A60FA006AEBCD /* InfoPlist.strings */,
			);
			path = Resources;
			sourceTree = "<group>";
		};
		A443AE3813DB4C7F00D55902 /* Coders */ = {
			isa = PBXGroup;
			children = (
				A443AE3D13DB4C9300D55902 /* RCIdentityCoder.h */,
				A443AE3E13DB4C9300D55902 /* RCIdentityCoder.m */,
				A443AE4113DB4E8900D55902 /* RCTextCoder.h */,
				A443AE4213DB4E8900D55902 /* RCTextCoder.m */,
				A443AE3913DB4C7F00D55902 /* RCJSONCoder.h */,
				A443AE3A13DB4C7F00D55902 /* RCJSONCoder.m */,
				A4C20858141852F6003412BA /* RCXMLCoder.h */,
				A4C20859141852F6003412BA /* RCXMLCoder.m */,
				A43F86AB144AAC5D00C69C3D /* RCImageCoder.h */,
				A43F86AC144AAC5D00C69C3D /* RCImageCoder.m */,
			);
			path = Coders;
			sourceTree = "<group>";
		};
		A46269B614199082005544D6 /* Tests */ = {
			isa = PBXGroup;
			children = (
				A4A8CC63147EDE8100BE6C0E /* README.markdown */,
				A4CC12741482EE2E0066C7E6 /* Specs.xcconfig */,
				A4626A0414199082005544D6 /* Specs */,
				A4626A1314199082005544D6 /* Target */,
				A46269EF14199082005544D6 /* Server */,
			);
			path = Tests;
			sourceTree = "<group>";
		};
		A46269EF14199082005544D6 /* Server */ = {
			isa = PBXGroup;
			children = (
				A40AFC18144B881F00852EDE /* setup.sh */,
				A4A30C69141AECFF002221BE /* Gemfile */,
				A4D40019141BBA8500E58873 /* run.sh */,
				A46269F014199082005544D6 /* config.ru */,
				A46269F114199082005544D6 /* configuration.rb */,
				A46269F214199082005544D6 /* dependencies.rb */,
				A46269F314199082005544D6 /* lib */,
				A46269FB14199082005544D6 /* main.rb */,
				A46269FC14199082005544D6 /* requires.rb */,
				A46269FD14199082005544D6 /* routes */,
			);
			path = Server;
			sourceTree = "<group>";
		};
		A46269F314199082005544D6 /* lib */ = {
			isa = PBXGroup;
			children = (
				A46269F414199082005544D6 /* core_ext */,
				A46269F714199082005544D6 /* helpers.rb */,
				A46269F814199082005544D6 /* rack */,
			);
			path = lib;
			sourceTree = "<group>";
		};
		A46269F414199082005544D6 /* core_ext */ = {
			isa = PBXGroup;
			children = (
				A43F86A9144A9AC200C69C3D /* proxy_string.rb */,
				A46269F514199082005544D6 /* object.rb */,
				A46269F614199082005544D6 /* proxy_array.rb */,
			);
			path = core_ext;
			sourceTree = "<group>";
		};
		A46269F814199082005544D6 /* rack */ = {
			isa = PBXGroup;
			children = (
				A46269F914199082005544D6 /* json_input.rb */,
				A46269FA14199082005544D6 /* json_output.rb */,
			);
			path = rack;
			sourceTree = "<group>";
		};
		A46269FD14199082005544D6 /* routes */ = {
			isa = PBXGroup;
			children = (
				A46269FE14199082005544D6 /* auth.rb */,
				A46269FF14199082005544D6 /* delete.rb */,
				A4626A0014199082005544D6 /* get.rb */,
				A4626A0114199082005544D6 /* head.rb */,
				A4626A0214199082005544D6 /* post.rb */,
				A4626A0314199082005544D6 /* put.rb */,
				A4CD025414802486006EE89E /* response_codes.rb */,
				A4CC125614816DBA0066C7E6 /* coding.rb */,
				A4CC12571481A1650066C7E6 /* files.rb */,
				A4CC12751482F91A0066C7E6 /* benchmarks.rb */,
				A414784914CD4F3900C3EA48 /* query.rb */,
			);
			path = routes;
			sourceTree = "<group>";
		};
		A4626A0414199082005544D6 /* Specs */ = {
			isa = PBXGroup;
			children = (
				A4626A1114199082005544D6 /* SpecHelper.h */,
				A4626A1214199082005544D6 /* SpecHelper.m */,
				A43F86DD144AB14000C69C3D /* RCResponseCodesSpec.h */,
				A43F86DE144AB14100C69C3D /* RCResponseCodesSpec.m */,
				A43F86E0144AB2FB00C69C3D /* RCCodingSpec.h */,
				A43F86E1144AB2FB00C69C3D /* RCCodingSpec.m */,
				A416120E144109870008A235 /* RCResourceConfigSpec.h */,
				A416120F144109870008A235 /* RCResourceConfigSpec.m */,
				A4CD025614804612006EE89E /* RCResourceNestingSpec.h */,
				A4CD025714804612006EE89E /* RCResourceNestingSpec.m */,
				A465B123148AD74000C5589B /* RCResourceControlSpec.h */,
				A465B124148AD74000C5589B /* RCResourceControlSpec.m */,
				A4CD1950141A78C800FADC09 /* RCAuthSpec.h */,
				A4CD1951141A78C800FADC09 /* RCAuthSpec.m */,
				A4B2EFFA14217FDF000E8860 /* RCGetSpec.h */,
				A4B2EFFB14217FDF000E8860 /* RCGetSpec.m */,
				A46E23E71483F4FC0045CA21 /* RCHeadSpec.h */,
				A46E23E81483F4FC0045CA21 /* RCHeadSpec.m */,
				A46E23E91483F50A0045CA21 /* RCDeleteSpec.h */,
				A46E23EA1483F50A0045CA21 /* RCDeleteSpec.m */,
				A4EEBA1914242D6100376DAC /* RCPostSpec.h */,
				A4EEBA1A14242D6100376DAC /* RCPostSpec.m */,
				A416120A1441096A0008A235 /* RCPutSpec.h */,
				A416120B1441096A0008A235 /* RCPutSpec.m */,
				A4CCAF0C14B63C1500A8C21B /* RCQueryStringSpec.h */,
				A4CCAF0D14B63C1500A8C21B /* RCQueryStringSpec.m */,
				A416121414410B640008A235 /* RCResourceBlocksSpec.h */,
				A416121514410B640008A235 /* RCResourceBlocksSpec.m */,
				A44C586B147DC15700CD592C /* RCFileHandlingSpec.h */,
				A44C586C147DC15700CD592C /* RCFileHandlingSpec.m */,
				A4CC12581481D6050066C7E6 /* RCStaticMethodsSpec.h */,
				A4CC12591481D6050066C7E6 /* RCStaticMethodsSpec.m */,
				A4C9D1DA1482E506004E9B72 /* RCBenchmarksSpec.h */,
				A4C9D1DB1482E506004E9B72 /* RCBenchmarksSpec.m */,
				A4A22273148AAAFD001726E4 /* RCRequestSpec.h */,
				A4A22274148AAAFD001726E4 /* RCRequestSpec.m */,
				A4D17DF215533E880063B061 /* RCFixtureSpec.h */,
				A4D17DF315533E880063B061 /* RCFixtureSpec.m */,
				A4EB124315ED5D9100513F73 /* RCResourceGroupSpec.h */,
				A4EB124415ED5D9100513F73 /* RCResourceGroupSpec.m */,
				A4A8CC5A147ED16D00BE6C0E /* Resources */,
			);
			path = Specs;
			sourceTree = "<group>";
		};
		A4626A1314199082005544D6 /* Target */ = {
			isa = PBXGroup;
			children = (
				A4626A1414199082005544D6 /* main.m */,
				A4626A1514199082005544D6 /* RESTClientSpecs-Info.plist */,
				A4626A1614199082005544D6 /* RESTClientSpecs-Prefix.pch */,
			);
			path = Target;
			sourceTree = "<group>";
		};
		A49D483F14B4BD760045D66F /* Extensions */ = {
			isa = PBXGroup;
			children = (
				A40EE26514D9BC9500EBD8C3 /* NSData+Base64.h */,
				A40EE26614D9BC9500EBD8C3 /* NSData+Base64.m */,
				A49D484114B4BD8B0045D66F /* NSObject+RESTClient.h */,
				A49D484214B4BD8B0045D66F /* NSObject+RESTClient.m */,
				A41410D314B680070026A8C1 /* NSDictionary+RESTClient.h */,
				A41410D414B680070026A8C1 /* NSDictionary+RESTClient.m */,
				A41C900F14F2ED4800E16A9E /* NSString+RESTClient.h */,
				A41C901014F2ED4800E16A9E /* NSString+RESTClient.m */,
			);
			path = Extensions;
			sourceTree = "<group>";
		};
		A4A8CC4B147ECEEE00BE6C0E /* Request */ = {
			isa = PBXGroup;
			children = (
				A4A8CC4F147ECEEE00BE6C0E /* RCRequest.h */,
				A4A22271148AA893001726E4 /* RCRequest+Protected.h */,
				A4A8CC50147ECEEE00BE6C0E /* RCRequest.m */,
				A4A8CC4C147ECEEE00BE6C0E /* RCDownloadRequest.h */,
				A4A8CC4D147ECEEE00BE6C0E /* RCDownloadRequest.m */,
				A4A8CC56147ECF0A00BE6C0E /* RCUploadRequest.h */,
				A4A8CC57147ECF0A00BE6C0E /* RCUploadRequest.m */,
				A4EFF208155334AE00868358 /* Fixture */,
				A4EFF1701551F9D100868358 /* RCProgressInfo.h */,
				A4EFF1711551F9D100868358 /* RCProgressInfo.m */,
			);
			path = Request;
			sourceTree = "<group>";
		};
		A4A8CC5A147ED16D00BE6C0E /* Resources */ = {
			isa = PBXGroup;
			children = (
				A4A22276148AB772001726E4 /* hs-2006-01-c-full_tif.png */,
				A4A8CC5B147ED16D00BE6C0E /* t_hero.png */,
				A4C9D1D31482DE57004E9B72 /* Item.plist */,
				A432B470149D11D8006582DB /* RCResource+Specs.h */,
			);
			path = Resources;
			sourceTree = "<group>";
		};
		A4A8CC5F147ED43700BE6C0E /* RESTClient */ = {
			isa = PBXGroup;
			children = (
				A409B3991408F193003495BA /* Security.framework */,
				A414FD4513DB459200F96152 /* Foundation.framework */,
				A4A8CC5D147ED3FF00BE6C0E /* MobileCoreServices.framework */,
			);
			name = RESTClient;
			sourceTree = "<group>";
		};
		A4A8CC60147ED44700BE6C0E /* Specs */ = {
			isa = PBXGroup;
			children = (
				A409B2BF14002529003495BA /* UIKit.framework */,
				A46269A514198ED3005544D6 /* CoreGraphics.framework */,
				A4D4FFC6141A5A4E00E58873 /* SenTestingKit.framework */,
				A4626A931419993E005544D6 /* libOCSpec.a */,
				A416122914411A800008A235 /* libOCMock.a */,
			);
			name = Specs;
			sourceTree = "<group>";
		};
		A4B6080814A02250003C43AE /* OAuth2 */ = {
			isa = PBXGroup;
			children = (
				A4092663149725F300C42E8B /* RCOAuth2AuthProvider.h */,
				A4092664149725F300C42E8B /* RCOAuth2AuthProvider.m */,
				A4B6080314A0224B003C43AE /* RCOAuthToken.h */,
				A4B6080414A0224B003C43AE /* RCOAuthToken.m */,
			);
			name = OAuth2;
			sourceTree = "<group>";
		};
		A4BA020615DDC73D00042F1C /* S3 */ = {
			isa = PBXGroup;
			children = (
				A4BA01FF15DDC72F00042F1C /* RCS3AuthProvider.h */,
				A4BA020015DDC72F00042F1C /* RCS3AuthProvider.m */,
				A4BA021015DDC94200042F1C /* RCAmazonCredentials.h */,
				A4BA021115DDC94200042F1C /* RCAmazonCredentials.m */,
			);
			name = S3;
			sourceTree = "<group>";
		};
		A4EFF208155334AE00868358 /* Fixture */ = {
			isa = PBXGroup;
			children = (
				A4EFF209155334AE00868358 /* RCFixtureRequest.h */,
				A4EFF20A155334AE00868358 /* RCFixtureRequest.m */,
				A4D17EAF155481E20063B061 /* RCFixtureDownloadRequest.h */,
				A4D17EB0155481E20063B061 /* RCFixtureDownloadRequest.m */,
				A4EFF20F155334D200868358 /* RCFixtureHTTPResponse.h */,
				A4EFF210155334D200868358 /* RCFixtureHTTPResponse.m */,
			);
			path = Fixture;
			sourceTree = "<group>";
		};
/* End PBXGroup section */

/* Begin PBXHeadersBuildPhase section */
		A414FD4013DB459200F96152 /* Headers */ = {
			isa = PBXHeadersBuildPhase;
			buildActionMask = 2147483647;
			files = (
				A414FD5913DB466600F96152 /* RCResource.h in Headers */,
				A414FD6113DB468D00F96152 /* RCResponse.h in Headers */,
				A443AE3413DB4B8300D55902 /* RCCoder.h in Headers */,
				A443AE3B13DB4C7F00D55902 /* RCJSONCoder.h in Headers */,
				A443AE3F13DB4C9300D55902 /* RCIdentityCoder.h in Headers */,
				A443AE4313DB4E8900D55902 /* RCTextCoder.h in Headers */,
				A409B2B014001B14003495BA /* RCTypes.h in Headers */,
				A409B33F1408E82D003495BA /* RCAuthProvider.h in Headers */,
				A409B3421408E890003495BA /* RCBasicAuthProvider.h in Headers */,
				A409B3BC1410597D003495BA /* RCConstants.h in Headers */,
				A4C2085A141852F6003412BA /* RCXMLCoder.h in Headers */,
				A43F86AD144AAC5D00C69C3D /* RCImageCoder.h in Headers */,
				A4A8CC51147ECEEE00BE6C0E /* RCDownloadRequest.h in Headers */,
				A4A8CC54147ECEEE00BE6C0E /* RCRequest.h in Headers */,
				A4A8CC58147ECF0A00BE6C0E /* RCUploadRequest.h in Headers */,
				A4A22272148AA893001726E4 /* RCRequest+Protected.h in Headers */,
				A4092665149725F300C42E8B /* RCOAuth2AuthProvider.h in Headers */,
				A4092786149835FD00C42E8B /* RCServerTrustAuthProvider.h in Headers */,
				A468A774149FA73900612DA9 /* RCClientCertificateAuthProvider.h in Headers */,
				A4B6080514A0224B003C43AE /* RCOAuthToken.h in Headers */,
				A49D484314B4BD8B0045D66F /* NSObject+RESTClient.h in Headers */,
				A41410D514B680070026A8C1 /* NSDictionary+RESTClient.h in Headers */,
				A41C901114F2ED4800E16A9E /* NSString+RESTClient.h in Headers */,
				A40EE26714D9BC9500EBD8C3 /* NSData+Base64.h in Headers */,
				A4EFF1721551F9D100868358 /* RCProgressInfo.h in Headers */,
				A4EFF20B155334AE00868358 /* RCFixtureRequest.h in Headers */,
				A4EFF211155334D200868358 /* RCFixtureHTTPResponse.h in Headers */,
				A4D17EB1155481E20063B061 /* RCFixtureDownloadRequest.h in Headers */,
				A456515C1523D454001302A7 /* RESTClient.h in Headers */,
				A4BA020115DDC72F00042F1C /* RCS3AuthProvider.h in Headers */,
				A4BA021215DDC94200042F1C /* RCAmazonCredentials.h in Headers */,
				A4EB124915ED5E1100513F73 /* RCResourceGroup.h in Headers */,
				A4EB126315ED79C500513F73 /* RCResourceGroup+Protected.h in Headers */,
			);
			runOnlyForDeploymentPostprocessing = 0;
		};
		A43E639B152A47E6006AEBCD /* Headers */ = {
			isa = PBXHeadersBuildPhase;
			buildActionMask = 2147483647;
			files = (
				A43E63D2152A6192006AEBCD /* RCTypes.h in Headers */,
				A43E63D3152A6192006AEBCD /* RCConstants.h in Headers */,
				A43E63D4152A6192006AEBCD /* RESTClient.h in Headers */,
				A43E63D5152A6192006AEBCD /* RCResource.h in Headers */,
				A43E63D6152A6192006AEBCD /* RCRequest.h in Headers */,
				A43E63D7152A6192006AEBCD /* RCRequest+Protected.h in Headers */,
				A43E63D8152A6192006AEBCD /* RCDownloadRequest.h in Headers */,
				A43E63D9152A6192006AEBCD /* RCUploadRequest.h in Headers */,
				A43E63DA152A6192006AEBCD /* RCResponse.h in Headers */,
				A43E63DB152A6192006AEBCD /* RCCoder.h in Headers */,
				A43E63DC152A6192006AEBCD /* RCIdentityCoder.h in Headers */,
				A43E63DD152A6192006AEBCD /* RCTextCoder.h in Headers */,
				A43E63DE152A6192006AEBCD /* RCJSONCoder.h in Headers */,
				A43E63DF152A6192006AEBCD /* RCXMLCoder.h in Headers */,
				A43E63E0152A6192006AEBCD /* RCImageCoder.h in Headers */,
				A43E63E1152A6192006AEBCD /* RCAuthProvider.h in Headers */,
				A43E63E2152A6192006AEBCD /* RCBasicAuthProvider.h in Headers */,
				A43E63E3152A6192006AEBCD /* RCServerTrustAuthProvider.h in Headers */,
				A43E63E4152A6192006AEBCD /* RCClientCertificateAuthProvider.h in Headers */,
				A43E63E5152A6192006AEBCD /* RCOAuth2AuthProvider.h in Headers */,
				A43E63E6152A6192006AEBCD /* RCOAuthToken.h in Headers */,
				A43E63E7152A6192006AEBCD /* NSData+Base64.h in Headers */,
				A43E63E8152A6192006AEBCD /* NSObject+RESTClient.h in Headers */,
				A43E63E9152A6192006AEBCD /* NSDictionary+RESTClient.h in Headers */,
				A43E63EA152A6192006AEBCD /* NSString+RESTClient.h in Headers */,
				A4EFF1731551F9D100868358 /* RCProgressInfo.h in Headers */,
				A4EFF20C155334AE00868358 /* RCFixtureRequest.h in Headers */,
				A4EFF212155334D200868358 /* RCFixtureHTTPResponse.h in Headers */,
				A4D17EB2155481E20063B061 /* RCFixtureDownloadRequest.h in Headers */,
				A4BA020215DDC72F00042F1C /* RCS3AuthProvider.h in Headers */,
				A4BA021315DDC94200042F1C /* RCAmazonCredentials.h in Headers */,
				A4EB124A15ED5E1100513F73 /* RCResourceGroup.h in Headers */,
				A4EB126415ED79C500513F73 /* RCResourceGroup+Protected.h in Headers */,
			);
			runOnlyForDeploymentPostprocessing = 0;
		};
/* End PBXHeadersBuildPhase section */

/* Begin PBXNativeTarget section */
		A414FD4113DB459200F96152 /* RESTClientLib */ = {
			isa = PBXNativeTarget;
			buildConfigurationList = A414FD4F13DB459200F96152 /* Build configuration list for PBXNativeTarget "RESTClientLib" */;
			buildPhases = (
				A414FD3E13DB459200F96152 /* Sources */,
				A414FD3F13DB459200F96152 /* Frameworks */,
				A414FD4013DB459200F96152 /* Headers */,
			);
			buildRules = (
			);
			dependencies = (
			);
			name = RESTClientLib;
			productName = RESTClient;
			productReference = A414FD4213DB459200F96152 /* libRESTClient.a */;
			productType = "com.apple.product-type.library.static";
		};
		A43E639D152A47E6006AEBCD /* RESTClientFramework */ = {
			isa = PBXNativeTarget;
			buildConfigurationList = A43E63AF152A47E6006AEBCD /* Build configuration list for PBXNativeTarget "RESTClientFramework" */;
			buildPhases = (
				A43E6399152A47E6006AEBCD /* Sources */,
				A43E639A152A47E6006AEBCD /* Frameworks */,
				A43E639B152A47E6006AEBCD /* Headers */,
				A43E639C152A47E6006AEBCD /* Resources */,
			);
			buildRules = (
			);
			dependencies = (
			);
			name = RESTClientFramework;
			productName = RESTClient;
			productReference = A43E639E152A47E6006AEBCD /* RESTClient.framework */;
			productType = "com.apple.product-type.framework";
		};
		A46269A014198ED3005544D6 /* RESTClientSpecs */ = {
			isa = PBXNativeTarget;
			buildConfigurationList = A46269B314198ED3005544D6 /* Build configuration list for PBXNativeTarget "RESTClientSpecs" */;
			buildPhases = (
				A462699D14198ED3005544D6 /* Sources */,
				A462699E14198ED3005544D6 /* Frameworks */,
				A462699F14198ED3005544D6 /* Resources */,
				A4D4FFCF141BB50200E58873 /* Restart Server */,
			);
			buildRules = (
			);
			dependencies = (
			);
			name = RESTClientSpecs;
			productName = RESTClientSpecs;
			productReference = A46269A114198ED3005544D6 /* RESTClient.app */;
			productType = "com.apple.product-type.application";
		};
/* End PBXNativeTarget section */

/* Begin PBXProject section */
		A414FD3913DB459200F96152 /* Project object */ = {
			isa = PBXProject;
			attributes = {
				LastUpgradeCheck = 0430;
				ORGANIZATIONNAME = "Fivesquare Software, LLC";
			};
			buildConfigurationList = A414FD3C13DB459200F96152 /* Build configuration list for PBXProject "RESTClient" */;
			compatibilityVersion = "Xcode 3.2";
			developmentRegion = English;
			hasScannedForEncodings = 0;
			knownRegions = (
				en,
			);
			mainGroup = A414FD3713DB459200F96152;
			productRefGroup = A414FD4313DB459200F96152 /* Products */;
			projectDirPath = "";
			projectRoot = "";
			targets = (
				A414FD4113DB459200F96152 /* RESTClientLib */,
				A43E639D152A47E6006AEBCD /* RESTClientFramework */,
				A46269A014198ED3005544D6 /* RESTClientSpecs */,
			);
		};
/* End PBXProject section */

/* Begin PBXResourcesBuildPhase section */
		A43E639C152A47E6006AEBCD /* Resources */ = {
			isa = PBXResourcesBuildPhase;
			buildActionMask = 2147483647;
			files = (
				A43E63B6152A60FA006AEBCD /* InfoPlist.strings in Resources */,
			);
			runOnlyForDeploymentPostprocessing = 0;
		};
		A462699F14198ED3005544D6 /* Resources */ = {
			isa = PBXResourcesBuildPhase;
			buildActionMask = 2147483647;
			files = (
				A4A8CC5C147ED16D00BE6C0E /* t_hero.png in Resources */,
				A4C9D1D41482DE57004E9B72 /* Item.plist in Resources */,
				A4A22277148AB772001726E4 /* hs-2006-01-c-full_tif.png in Resources */,
			);
			runOnlyForDeploymentPostprocessing = 0;
		};
/* End PBXResourcesBuildPhase section */

/* Begin PBXShellScriptBuildPhase section */
		A4D4FFCF141BB50200E58873 /* Restart Server */ = {
			isa = PBXShellScriptBuildPhase;
			buildActionMask = 2147483647;
			files = (
			);
			inputPaths = (
			);
			name = "Restart Server";
			outputPaths = (
			);
			runOnlyForDeploymentPostprocessing = 0;
			shellPath = /bin/sh;
			shellScript = "cd ${SRCROOT}/Tests/Server && ./run.sh restart";
		};
/* End PBXShellScriptBuildPhase section */

/* Begin PBXSourcesBuildPhase section */
		A414FD3E13DB459200F96152 /* Sources */ = {
			isa = PBXSourcesBuildPhase;
			buildActionMask = 2147483647;
			files = (
				A414FD4C13DB459200F96152 /* RESTClient.m in Sources */,
				A414FD5A13DB466600F96152 /* RCResource.m in Sources */,
				A414FD6213DB468D00F96152 /* RCResponse.m in Sources */,
				A443AE3513DB4B8300D55902 /* RCCoder.m in Sources */,
				A443AE3C13DB4C7F00D55902 /* RCJSONCoder.m in Sources */,
				A443AE4013DB4C9300D55902 /* RCIdentityCoder.m in Sources */,
				A443AE4413DB4E8900D55902 /* RCTextCoder.m in Sources */,
				A409B3431408E890003495BA /* RCBasicAuthProvider.m in Sources */,
				A409B3BD1410597D003495BA /* RCConstants.m in Sources */,
				A4C2085B141852F6003412BA /* RCXMLCoder.m in Sources */,
				A43F86AE144AAC5D00C69C3D /* RCImageCoder.m in Sources */,
				A4A8CC52147ECEEE00BE6C0E /* RCDownloadRequest.m in Sources */,
				A4A8CC55147ECEEE00BE6C0E /* RCRequest.m in Sources */,
				A4A8CC59147ECF0A00BE6C0E /* RCUploadRequest.m in Sources */,
				A4092666149725F300C42E8B /* RCOAuth2AuthProvider.m in Sources */,
				A4092787149835FD00C42E8B /* RCServerTrustAuthProvider.m in Sources */,
				A468A775149FA73900612DA9 /* RCClientCertificateAuthProvider.m in Sources */,
				A4B6080614A0224B003C43AE /* RCOAuthToken.m in Sources */,
				A49D484414B4BD8B0045D66F /* NSObject+RESTClient.m in Sources */,
				A41410D614B680070026A8C1 /* NSDictionary+RESTClient.m in Sources */,
				A40EE26814D9BC9500EBD8C3 /* NSData+Base64.m in Sources */,
				A41C901214F2ED4800E16A9E /* NSString+RESTClient.m in Sources */,
				A4EFF1741551F9D100868358 /* RCProgressInfo.m in Sources */,
				A4EFF20D155334AE00868358 /* RCFixtureRequest.m in Sources */,
				A4EFF213155334D200868358 /* RCFixtureHTTPResponse.m in Sources */,
				A4D17EB3155481E20063B061 /* RCFixtureDownloadRequest.m in Sources */,
				A4BA020315DDC72F00042F1C /* RCS3AuthProvider.m in Sources */,
				A4BA021415DDC94200042F1C /* RCAmazonCredentials.m in Sources */,
				A4EB124B15ED5E1100513F73 /* RCResourceGroup.m in Sources */,
			);
			runOnlyForDeploymentPostprocessing = 0;
		};
		A43E6399152A47E6006AEBCD /* Sources */ = {
			isa = PBXSourcesBuildPhase;
			buildActionMask = 2147483647;
			files = (
				A43E63BB152A6185006AEBCD /* RCConstants.m in Sources */,
				A43E63BC152A6185006AEBCD /* RESTClient.m in Sources */,
				A43E63BD152A6185006AEBCD /* RCResource.m in Sources */,
				A43E63BE152A6185006AEBCD /* RCRequest.m in Sources */,
				A43E63BF152A6185006AEBCD /* RCDownloadRequest.m in Sources */,
				A43E63C0152A6185006AEBCD /* RCUploadRequest.m in Sources */,
				A43E63C1152A6185006AEBCD /* RCResponse.m in Sources */,
				A43E63C2152A6185006AEBCD /* RCCoder.m in Sources */,
				A43E63C3152A6185006AEBCD /* RCIdentityCoder.m in Sources */,
				A43E63C4152A6185006AEBCD /* RCTextCoder.m in Sources */,
				A43E63C5152A6185006AEBCD /* RCJSONCoder.m in Sources */,
				A43E63C6152A6185006AEBCD /* RCXMLCoder.m in Sources */,
				A43E63C7152A6185006AEBCD /* RCImageCoder.m in Sources */,
				A43E63C8152A6185006AEBCD /* RCBasicAuthProvider.m in Sources */,
				A43E63C9152A6185006AEBCD /* RCServerTrustAuthProvider.m in Sources */,
				A43E63CA152A6185006AEBCD /* RCClientCertificateAuthProvider.m in Sources */,
				A43E63CB152A6185006AEBCD /* RCOAuth2AuthProvider.m in Sources */,
				A43E63CC152A6185006AEBCD /* RCOAuthToken.m in Sources */,
				A43E63CD152A6185006AEBCD /* NSData+Base64.m in Sources */,
				A43E63CE152A6185006AEBCD /* NSObject+RESTClient.m in Sources */,
				A43E63CF152A6185006AEBCD /* NSDictionary+RESTClient.m in Sources */,
				A43E63D0152A6185006AEBCD /* NSString+RESTClient.m in Sources */,
				A4EFF1751551F9D100868358 /* RCProgressInfo.m in Sources */,
				A4EFF20E155334AE00868358 /* RCFixtureRequest.m in Sources */,
				A4EFF214155334D200868358 /* RCFixtureHTTPResponse.m in Sources */,
				A4D17EB4155481E20063B061 /* RCFixtureDownloadRequest.m in Sources */,
				A4BA020415DDC72F00042F1C /* RCS3AuthProvider.m in Sources */,
				A4BA021515DDC94200042F1C /* RCAmazonCredentials.m in Sources */,
				A4EB124C15ED5E1100513F73 /* RCResourceGroup.m in Sources */,
			);
			runOnlyForDeploymentPostprocessing = 0;
		};
		A462699D14198ED3005544D6 /* Sources */ = {
			isa = PBXSourcesBuildPhase;
			buildActionMask = 2147483647;
			files = (
				A4626A4D14199082005544D6 /* main.m in Sources */,
				A4D4FF73141A57DF00E58873 /* SpecHelper.m in Sources */,
				A4EB124515ED5D9100513F73 /* RCResourceGroupSpec.m in Sources */,
			);
			runOnlyForDeploymentPostprocessing = 0;
		};
/* End PBXSourcesBuildPhase section */

/* Begin PBXVariantGroup section */
		A43E63B4152A60FA006AEBCD /* InfoPlist.strings */ = {
			isa = PBXVariantGroup;
			children = (
				A43E63B5152A60FA006AEBCD /* en */,
			);
			name = InfoPlist.strings;
			sourceTree = "<group>";
		};
/* End PBXVariantGroup section */

/* Begin XCBuildConfiguration section */
		A414FD4D13DB459200F96152 /* Debug */ = {
			isa = XCBuildConfiguration;
			buildSettings = {
				ALWAYS_SEARCH_USER_PATHS = NO;
				ARCHS = "$(ARCHS_STANDARD_32_BIT)";
				CLANG_ENABLE_OBJC_ARC = YES;
				COPY_PHASE_STRIP = NO;
				GCC_C_LANGUAGE_STANDARD = gnu99;
				GCC_DYNAMIC_NO_PIC = NO;
				GCC_OPTIMIZATION_LEVEL = 0;
				GCC_PREPROCESSOR_DEFINITIONS = (
					"DEBUG=1",
					"$(inherited)",
				);
				GCC_SYMBOLS_PRIVATE_EXTERN = NO;
				GCC_VERSION = com.apple.compilers.llvm.clang.1_0;
				GCC_WARN_ABOUT_MISSING_PROTOTYPES = YES;
				GCC_WARN_ABOUT_RETURN_TYPE = YES;
				GCC_WARN_UNUSED_VARIABLE = YES;
				IPHONEOS_DEPLOYMENT_TARGET = 5.0;
				RUN_CLANG_STATIC_ANALYZER = YES;
				SDKROOT = iphoneos;
				SKIP_INSTALL = YES;
			};
			name = Debug;
		};
		A414FD4E13DB459200F96152 /* Release */ = {
			isa = XCBuildConfiguration;
			buildSettings = {
				ALWAYS_SEARCH_USER_PATHS = NO;
				ARCHS = "$(ARCHS_STANDARD_32_BIT)";
				CLANG_ENABLE_OBJC_ARC = YES;
				COPY_PHASE_STRIP = YES;
				GCC_C_LANGUAGE_STANDARD = gnu99;
				GCC_VERSION = com.apple.compilers.llvm.clang.1_0;
				GCC_WARN_ABOUT_MISSING_PROTOTYPES = YES;
				GCC_WARN_ABOUT_RETURN_TYPE = YES;
				GCC_WARN_UNUSED_VARIABLE = YES;
				IPHONEOS_DEPLOYMENT_TARGET = 5.0;
				SDKROOT = iphoneos;
				SKIP_INSTALL = YES;
				VALIDATE_PRODUCT = YES;
			};
			name = Release;
		};
		A414FD5013DB459200F96152 /* Debug */ = {
			isa = XCBuildConfiguration;
			buildSettings = {
				DSTROOT = /tmp/RESTClient.dst;
				GCC_PRECOMPILE_PREFIX_HEADER = YES;
				GCC_PREFIX_HEADER = "Source/RESTClient-Prefix.pch";
				HEADER_SEARCH_PATHS = (
					"\"$(SRCROOT)/Ext/TouchXML/Source\"/**",
					"\"$(SDKROOT)/usr/include/libxml2\"",
				);
				OTHER_LDFLAGS = "-ObjC";
				PRODUCT_NAME = RESTClient;
				PUBLIC_HEADERS_FOLDER_PATH = "Headers/$(PRODUCT_NAME)";
			};
			name = Debug;
		};
		A414FD5113DB459200F96152 /* Release */ = {
			isa = XCBuildConfiguration;
			buildSettings = {
				DSTROOT = /tmp/RESTClient.dst;
				GCC_PRECOMPILE_PREFIX_HEADER = YES;
				GCC_PREFIX_HEADER = "Source/RESTClient-Prefix.pch";
				HEADER_SEARCH_PATHS = (
					"\"$(SRCROOT)/Ext/TouchXML/Source\"/**",
					"\"$(SDKROOT)/usr/include/libxml2\"",
				);
				OTHER_LDFLAGS = "-ObjC";
				PRODUCT_NAME = RESTClient;
				PUBLIC_HEADERS_FOLDER_PATH = "Headers/$(PRODUCT_NAME)";
			};
			name = Release;
		};
		A43E63B0152A47E6006AEBCD /* Debug */ = {
			isa = XCBuildConfiguration;
			buildSettings = {
				ARCHS = "$(ARCHS_STANDARD_64_BIT)";
				CLANG_WARN_IMPLICIT_SIGN_CONVERSION = YES;
				DYLIB_COMPATIBILITY_VERSION = 1;
				DYLIB_CURRENT_VERSION = 1;
				FRAMEWORK_SEARCH_PATHS = (
					"$(inherited)",
					"\"$(SYSTEM_APPS_DIR)/Xcode.app/Contents/Developer/Library/Frameworks\"",
				);
				FRAMEWORK_VERSION = A;
				GCC_ENABLE_OBJC_EXCEPTIONS = YES;
				GCC_PRECOMPILE_PREFIX_HEADER = YES;
				GCC_PREFIX_HEADER = "Source/RESTClient-Prefix.pch";
				GCC_WARN_64_TO_32_BIT_CONVERSION = YES;
				GCC_WARN_SIGN_COMPARE = YES;
				GCC_WARN_UNINITIALIZED_AUTOS = YES;
				INFOPLIST_FILE = "RESTClientFramework-Info.plist";
				MACOSX_DEPLOYMENT_TARGET = 10.7;
				ONLY_ACTIVE_ARCH = YES;
				PRODUCT_NAME = RESTClient;
				SDKROOT = macosx;
				WRAPPER_EXTENSION = framework;
			};
			name = Debug;
		};
		A43E63B1152A47E6006AEBCD /* Release */ = {
			isa = XCBuildConfiguration;
			buildSettings = {
				ARCHS = "$(ARCHS_STANDARD_64_BIT)";
				CLANG_WARN_IMPLICIT_SIGN_CONVERSION = YES;
				DEBUG_INFORMATION_FORMAT = "dwarf-with-dsym";
				DYLIB_COMPATIBILITY_VERSION = 1;
				DYLIB_CURRENT_VERSION = 1;
				FRAMEWORK_SEARCH_PATHS = (
					"$(inherited)",
					"\"$(SYSTEM_APPS_DIR)/Xcode.app/Contents/Developer/Library/Frameworks\"",
				);
				FRAMEWORK_VERSION = A;
				GCC_ENABLE_OBJC_EXCEPTIONS = YES;
				GCC_PRECOMPILE_PREFIX_HEADER = YES;
				GCC_PREFIX_HEADER = "Source/RESTClient-Prefix.pch";
				GCC_WARN_64_TO_32_BIT_CONVERSION = YES;
				GCC_WARN_SIGN_COMPARE = YES;
				GCC_WARN_UNINITIALIZED_AUTOS = YES;
				INFOPLIST_FILE = "RESTClientFramework-Info.plist";
				MACOSX_DEPLOYMENT_TARGET = 10.7;
				PRODUCT_NAME = RESTClient;
				SDKROOT = macosx;
				WRAPPER_EXTENSION = framework;
			};
			name = Release;
		};
		A46269B414198ED3005544D6 /* Debug */ = {
			isa = XCBuildConfiguration;
			baseConfigurationReference = A4CC12741482EE2E0066C7E6 /* Specs.xcconfig */;
			buildSettings = {
				CLANG_WARN_IMPLICIT_SIGN_CONVERSION = YES;
				"CODE_SIGN_IDENTITY[sdk=iphoneos*]" = "iPhone Developer";
				FRAMEWORK_SEARCH_PATHS = (
					"$(SDKROOT)/Developer/Library/Frameworks",
					"$(DEVELOPER_LIBRARY_DIR)/Frameworks",
				);
				GCC_PRECOMPILE_PREFIX_HEADER = YES;
				GCC_PREFIX_HEADER = "Tests/Target/RESTClientSpecs-Prefix.pch";
				GCC_PREPROCESSOR_DEFINITIONS = (
					"$(inherited)",
					"RESTClientTestServer=\"@\\\"http://$(RESTClientTestServerHost):$(RESTClientTestServerPort)\\\"\"",
					"RESTClientTestServerSSL=\"@\\\"https://$(RESTClientTestServerHost):$(RESTClientTestServerSSLPort)\\\"\"",
				);
				GCC_WARN_SIGN_COMPARE = YES;
				HEADER_SEARCH_PATHS = (
					"\"$(SRCROOT)/Ext/OCSpec/Source\"/**",
					"\"$(SRCROOT)/Ext/OCMock/Source\"/**",
				);
				INFOPLIST_FILE = "Tests/Target/RESTClientSpecs-Info.plist";
				OTHER_LDFLAGS = "-ObjC";
				PRODUCT_NAME = RESTClient;
				TARGETED_DEVICE_FAMILY = "1,2";
				WRAPPER_EXTENSION = app;
			};
			name = Debug;
		};
		A46269B514198ED3005544D6 /* Release */ = {
			isa = XCBuildConfiguration;
			baseConfigurationReference = A4CC12741482EE2E0066C7E6 /* Specs.xcconfig */;
			buildSettings = {
				CLANG_WARN_IMPLICIT_SIGN_CONVERSION = YES;
				"CODE_SIGN_IDENTITY[sdk=iphoneos*]" = "iPhone Developer";
				FRAMEWORK_SEARCH_PATHS = (
					"$(SDKROOT)/Developer/Library/Frameworks",
					"$(DEVELOPER_LIBRARY_DIR)/Frameworks",
				);
				GCC_PRECOMPILE_PREFIX_HEADER = YES;
				GCC_PREFIX_HEADER = "Tests/Target/RESTClientSpecs-Prefix.pch";
				GCC_PREPROCESSOR_DEFINITIONS = (
					"$(inherited)",
					"RESTClientTestServerSSL=\"@\\\"https://$(RESTClientTestServerHost):$(RESTClientTestServerSSLPort)\\\"\"",
					"RESTClientTestServer=\"@\\\"http://$(RESTClientTestServerHost):$(RESTClientTestServerPort)\\\"\"",
				);
				GCC_WARN_SIGN_COMPARE = YES;
				HEADER_SEARCH_PATHS = (
					"\"$(SRCROOT)/Ext/OCSpec/Source\"/**",
					"\"$(SRCROOT)/Ext/OCMock/Source\"/**",
				);
				INFOPLIST_FILE = "Tests/Target/RESTClientSpecs-Info.plist";
				OTHER_CFLAGS = "-DNS_BLOCK_ASSERTIONS=1";
				OTHER_LDFLAGS = "-ObjC";
				PRODUCT_NAME = RESTClient;
				TARGETED_DEVICE_FAMILY = "1,2";
				WRAPPER_EXTENSION = app;
			};
			name = Release;
		};
/* End XCBuildConfiguration section */

/* Begin XCConfigurationList section */
		A414FD3C13DB459200F96152 /* Build configuration list for PBXProject "RESTClient" */ = {
			isa = XCConfigurationList;
			buildConfigurations = (
				A414FD4D13DB459200F96152 /* Debug */,
				A414FD4E13DB459200F96152 /* Release */,
			);
			defaultConfigurationIsVisible = 0;
			defaultConfigurationName = Release;
		};
		A414FD4F13DB459200F96152 /* Build configuration list for PBXNativeTarget "RESTClientLib" */ = {
			isa = XCConfigurationList;
			buildConfigurations = (
				A414FD5013DB459200F96152 /* Debug */,
				A414FD5113DB459200F96152 /* Release */,
			);
			defaultConfigurationIsVisible = 0;
			defaultConfigurationName = Release;
		};
		A43E63AF152A47E6006AEBCD /* Build configuration list for PBXNativeTarget "RESTClientFramework" */ = {
			isa = XCConfigurationList;
			buildConfigurations = (
				A43E63B0152A47E6006AEBCD /* Debug */,
				A43E63B1152A47E6006AEBCD /* Release */,
			);
			defaultConfigurationIsVisible = 0;
			defaultConfigurationName = Release;
		};
		A46269B314198ED3005544D6 /* Build configuration list for PBXNativeTarget "RESTClientSpecs" */ = {
			isa = XCConfigurationList;
			buildConfigurations = (
				A46269B414198ED3005544D6 /* Debug */,
				A46269B514198ED3005544D6 /* Release */,
			);
			defaultConfigurationIsVisible = 0;
			defaultConfigurationName = Release;
		};
/* End XCConfigurationList section */
	};
	rootObject = A414FD3913DB459200F96152 /* Project object */;
}
